// !$*UTF8*$!
{
	archiveVersion = 1;
	classes = {
	};
	objectVersion = 51;
	objects = {

/* Begin PBXBuildFile section */
		01949CE28AB959E98ABE6CCF /* CameraPresenter.swift in Sources */ = {isa = PBXBuildFile; fileRef = D263F1C8AE5C8994C21DF575 /* CameraPresenter.swift */; };
		0401C99F8F4747F8301DEDE3 /* TeamRouter.swift in Sources */ = {isa = PBXBuildFile; fileRef = 79DDF883D28653AF92CAD5A8 /* TeamRouter.swift */; };
		05649FC63710C8F430883EFC /* CameraInteractorInput.swift in Sources */ = {isa = PBXBuildFile; fileRef = 069B6EF7089FD7DE4988B6D5 /* CameraInteractorInput.swift */; };
		067B2DD5C2E2774804E6ACCC /* CameraRouter.swift in Sources */ = {isa = PBXBuildFile; fileRef = ECCDFB65583369C30DC4BF35 /* CameraRouter.swift */; };
		0C648A82D371317003513214 /* RootViewOutput.swift in Sources */ = {isa = PBXBuildFile; fileRef = 3A7C9FFCD53F0291C52B8C06 /* RootViewOutput.swift */; };
		0F860D477F2742F2433033CA /* TeamPresenterTests.swift in Sources */ = {isa = PBXBuildFile; fileRef = E706DE66C0D098D47FC2A055 /* TeamPresenterTests.swift */; };
		1645AD6C0F8BFA8455F94359 /* RootPresenterTests.swift in Sources */ = {isa = PBXBuildFile; fileRef = CDEF6D1ED808BF7EB202C18F /* RootPresenterTests.swift */; };
		19CC84C8D91CA8AECA5DA46A /* TeamModuleInput.swift in Sources */ = {isa = PBXBuildFile; fileRef = 44B9211EB8D9BD5F1551F785 /* TeamModuleInput.swift */; };
		1C5DFFDF71203869A77472EA /* LoginViewInput.swift in Sources */ = {isa = PBXBuildFile; fileRef = 83AA054921F9A27ED666F3DB /* LoginViewInput.swift */; };
		1DB87840D28D3D12F8148A24 /* TeamViewTests.swift in Sources */ = {isa = PBXBuildFile; fileRef = 71D666224B21976C75E5420D /* TeamViewTests.swift */; };
		206E74C22CA5FF2E488B7388 /* LoginConfiguratorTests.swift in Sources */ = {isa = PBXBuildFile; fileRef = C9782BF3459D632F061FD300 /* LoginConfiguratorTests.swift */; };
		25B6AB8AF70D70AD78B599BC /* LoginRouterInput.swift in Sources */ = {isa = PBXBuildFile; fileRef = B0C1FA85AE66527EB785D59D /* LoginRouterInput.swift */; };
		2BCBFD084F010C879E126976 /* MapInteractorTests.swift in Sources */ = {isa = PBXBuildFile; fileRef = 7B23DE91B5C8DA9FBD0BC541 /* MapInteractorTests.swift */; };
		2BFDA22A09582666C8AB3A33 /* CameraViewController.swift in Sources */ = {isa = PBXBuildFile; fileRef = 7EE382F11407E3AF7B0FB27E /* CameraViewController.swift */; };
		33871557A5637037A5BB92DD /* RootInteractorOutput.swift in Sources */ = {isa = PBXBuildFile; fileRef = 44699CEE12BFB7448DDA5E3E /* RootInteractorOutput.swift */; };
		3413ED399FEF5E524BB51B05 /* TeamConfiguratorTests.swift in Sources */ = {isa = PBXBuildFile; fileRef = 9C6D73D0BB585D5533422F73 /* TeamConfiguratorTests.swift */; };
		34477EC072F2D9AD7C8BA917 /* RootViewTests.swift in Sources */ = {isa = PBXBuildFile; fileRef = 6AF113C52AF1BF90BFE49301 /* RootViewTests.swift */; };
		34BD3AAE9977247798516F86 /* TeamInitializer.swift in Sources */ = {isa = PBXBuildFile; fileRef = 73518753C3AF1A39E277CE4E /* TeamInitializer.swift */; };
		357D580701691FACA11857CF /* CameraInteractorOutput.swift in Sources */ = {isa = PBXBuildFile; fileRef = EBBD30D8D4B31A01D960C828 /* CameraInteractorOutput.swift */; };
		37B93809FBB887CD1406DBF9 /* LoginPresenter.swift in Sources */ = {isa = PBXBuildFile; fileRef = A29ACB3D21F5C79F28DDD388 /* LoginPresenter.swift */; };
		42075B85FC37A8EDFE4EA607 /* Pods_MonstersUITests.framework in Frameworks */ = {isa = PBXBuildFile; fileRef = 585A2CFCEDA7D01D6F720D6C /* Pods_MonstersUITests.framework */; };
		422C9806419441C8EB7D01BB /* CameraConfiguratorTests.swift in Sources */ = {isa = PBXBuildFile; fileRef = 7F9DB37989A5F025215441AE /* CameraConfiguratorTests.swift */; };
		45BFA791E35EA56553A990CD /* TeamInteractorTests.swift in Sources */ = {isa = PBXBuildFile; fileRef = F789F8AA46891FE015E2DC2B /* TeamInteractorTests.swift */; };
		48792FA6CA80F317D88C26EF /* CameraRouterInput.swift in Sources */ = {isa = PBXBuildFile; fileRef = 36FE45048F315B0EC9C6AC8F /* CameraRouterInput.swift */; };
		4927D5D3774339A4FF33B0E2 /* TeamInteractorInput.swift in Sources */ = {isa = PBXBuildFile; fileRef = 53BE129C3D49747800B59E93 /* TeamInteractorInput.swift */; };
		49410749B822D6BB7D976621 /* MapPresenterTests.swift in Sources */ = {isa = PBXBuildFile; fileRef = 82D3694A6A4ECB35492FFA88 /* MapPresenterTests.swift */; };
		494D33E77C9EFF63817782D2 /* RootModuleInput.swift in Sources */ = {isa = PBXBuildFile; fileRef = 0305859E0EAE0701F60413FC /* RootModuleInput.swift */; };
		4A15D7F7C97A8B6F06E39740 /* MapRouterTests.swift in Sources */ = {isa = PBXBuildFile; fileRef = 3B1618DEAA8EC820DFC379D8 /* MapRouterTests.swift */; };
		4DEF53E26FF75AE00736012C /* MapConfigurator.swift in Sources */ = {isa = PBXBuildFile; fileRef = B326FB84DA93A4D19CC1E345 /* MapConfigurator.swift */; };
		50AFA2828208433C2716F0D2 /* CameraViewOutput.swift in Sources */ = {isa = PBXBuildFile; fileRef = 9283ED9A61725649AD06E3D2 /* CameraViewOutput.swift */; };
		51D5D2A86C3A289B0C1832CF /* MapModuleInput.swift in Sources */ = {isa = PBXBuildFile; fileRef = 269F598D15A3D213DD5FE68B /* MapModuleInput.swift */; };
		525F729935FBAB3A320EE3B1 /* MapViewOutput.swift in Sources */ = {isa = PBXBuildFile; fileRef = 286DCD39A0A016CC056C482B /* MapViewOutput.swift */; };
		5E9A276696677DFD4860431B /* MapInteractorInput.swift in Sources */ = {isa = PBXBuildFile; fileRef = DB44C0125348C9DE5EE2C828 /* MapInteractorInput.swift */; };
		611F7F3D0FAFDB6106CC01C8 /* CameraViewTests.swift in Sources */ = {isa = PBXBuildFile; fileRef = D4871FC499E0B8D5DEFCC88C /* CameraViewTests.swift */; };
		622CB37280C0149B48DA8AA1 /* LoginViewOutput.swift in Sources */ = {isa = PBXBuildFile; fileRef = 1FB8CB9A206DD042E8F67A7C /* LoginViewOutput.swift */; };
		6B6943004C0C356CE76A5716 /* LoginViewTests.swift in Sources */ = {isa = PBXBuildFile; fileRef = 7CA2B4358D9A3AC488ACC3C4 /* LoginViewTests.swift */; };
		6DC7526D51E00BF282C1EFF1 /* CameraInteractorTests.swift in Sources */ = {isa = PBXBuildFile; fileRef = A7E963C69C1F6084582D2308 /* CameraInteractorTests.swift */; };
		6E1A59E0F96948F1D049AAFC /* CameraRouterTests.swift in Sources */ = {isa = PBXBuildFile; fileRef = 1E4BA9938525E85460E1177F /* CameraRouterTests.swift */; };
		757ED7A73BBA33F0DCA57B73 /* RootRouterInput.swift in Sources */ = {isa = PBXBuildFile; fileRef = A647D0D50F32BA4A3EE8FB75 /* RootRouterInput.swift */; };
		769A3BB241A203B96897DB4E /* MapViewTests.swift in Sources */ = {isa = PBXBuildFile; fileRef = 1DAA12041D951F9CDD84EAA9 /* MapViewTests.swift */; };
		79F9656307BE14BD105E9DB7 /* MapPresenter.swift in Sources */ = {isa = PBXBuildFile; fileRef = B350DF970E6808BD597FC868 /* MapPresenter.swift */; };
		7CAC5788DBF653A3B5AD5072 /* LoginConfigurator.swift in Sources */ = {isa = PBXBuildFile; fileRef = 4F628CB2F53C29F7DD3AB0DA /* LoginConfigurator.swift */; };
		7CF00CBBB360117C7ACD53BE /* RootInitializer.swift in Sources */ = {isa = PBXBuildFile; fileRef = 1D3DC8A950392B2283D40580 /* RootInitializer.swift */; };
		7D575185F4CAD47C434DFB84 /* RootPresenter.swift in Sources */ = {isa = PBXBuildFile; fileRef = 791286939D539A1E3EFBD20F /* RootPresenter.swift */; };
		7E0EB46C387E53BB6513156A /* CameraModuleInput.swift in Sources */ = {isa = PBXBuildFile; fileRef = E6F17EC4FD71B61123A282D1 /* CameraModuleInput.swift */; };
		80C867A6F937030A59615906 /* CameraConfigurator.swift in Sources */ = {isa = PBXBuildFile; fileRef = B25256EC27A3D3AC77337706 /* CameraConfigurator.swift */; };
		81D3F8EB47C4CEC8DB162846 /* CameraInteractor.swift in Sources */ = {isa = PBXBuildFile; fileRef = 40CF132AB6ABF797D7EC29B1 /* CameraInteractor.swift */; };
		82809DD417D8CD8EAA220F05 /* LoginInteractorTests.swift in Sources */ = {isa = PBXBuildFile; fileRef = 2F02ABE741C1FE69EC023A10 /* LoginInteractorTests.swift */; };
		86033986AF76FD95C56B6D93 /* Pods_MonstersTests.framework in Frameworks */ = {isa = PBXBuildFile; fileRef = 3F3038BA88BE052FD7514536 /* Pods_MonstersTests.framework */; };
		893958ECB2CF1C14F9E06A6A /* TeamRouterTests.swift in Sources */ = {isa = PBXBuildFile; fileRef = 8F0D443CC57A808E05264A29 /* TeamRouterTests.swift */; };
		912B081A55D8223428464246 /* TeamRouterInput.swift in Sources */ = {isa = PBXBuildFile; fileRef = 10697C9FDCB33E38C721255A /* TeamRouterInput.swift */; };
		91B818BD57A5109C3C964E5B /* TeamInteractorOutput.swift in Sources */ = {isa = PBXBuildFile; fileRef = CF1BD910F1FEB3E558E18F12 /* TeamInteractorOutput.swift */; };
		926C2E8BCF454270BA4EDA26 /* MapRouter.swift in Sources */ = {isa = PBXBuildFile; fileRef = 603DEE53C4C6C31BE36DCCEF /* MapRouter.swift */; };
		9353B516A101F88FBC5FAFD2 /* LoginInteractorOutput.swift in Sources */ = {isa = PBXBuildFile; fileRef = D5D1D141263DFA12E1C205E8 /* LoginInteractorOutput.swift */; };
		95B5E02DF501267E735EBDA1 /* LoginPresenterTests.swift in Sources */ = {isa = PBXBuildFile; fileRef = 50906330BF4DB41199AFBF40 /* LoginPresenterTests.swift */; };
		96A596194E5EB3B480419AE5 /* RootInteractorInput.swift in Sources */ = {isa = PBXBuildFile; fileRef = C98C918C1AB8C60D907F0C6C /* RootInteractorInput.swift */; };
		986EF22D629D2B69803071C5 /* RootInteractorTests.swift in Sources */ = {isa = PBXBuildFile; fileRef = 278710EDD76FA5E38165D649 /* RootInteractorTests.swift */; };
		9A1224B9472B6C3A4B9679DC /* LoginInteractorInput.swift in Sources */ = {isa = PBXBuildFile; fileRef = D9840CBB3314B8B9E21F310E /* LoginInteractorInput.swift */; };
		9C33C4F3EBEC7723A28AF8E7 /* TeamPresenter.swift in Sources */ = {isa = PBXBuildFile; fileRef = 258BDC14142305D16BB4D96B /* TeamPresenter.swift */; };
		9E31A497DACC191BC9D61E9D /* MapConfiguratorTests.swift in Sources */ = {isa = PBXBuildFile; fileRef = 131A52754F4280B0175C2AD8 /* MapConfiguratorTests.swift */; };
		A34B082DA55862D46D12DB5B /* MapInteractor.swift in Sources */ = {isa = PBXBuildFile; fileRef = 8FEAFAA1B9665AA0EA9E63BC /* MapInteractor.swift */; };
		A41DA219C762B82EC40E31A4 /* MapInitializer.swift in Sources */ = {isa = PBXBuildFile; fileRef = F064934E6DF3B894B4D12D59 /* MapInitializer.swift */; };
		A4B6706165D38DF6BB933ADC /* TeamViewController.swift in Sources */ = {isa = PBXBuildFile; fileRef = 9AFC82CCAE4A3D32658BD405 /* TeamViewController.swift */; };
		ADB88E29757A4B8B1FD22F6B /* LoginViewController.swift in Sources */ = {isa = PBXBuildFile; fileRef = 00DCB2196CDE5F3B73A9BA8E /* LoginViewController.swift */; };
		B87FEFFF983D60B5509FAA03 /* RootInteractor.swift in Sources */ = {isa = PBXBuildFile; fileRef = AC80763957B64E8A89366616 /* RootInteractor.swift */; };
		B9B6817420AD503484316A00 /* RootConfiguratorTests.swift in Sources */ = {isa = PBXBuildFile; fileRef = 15487C8B4F13B7C67B0EDE9A /* RootConfiguratorTests.swift */; };
		B9CBD2FB79CBF173615C5428 /* TeamInteractor.swift in Sources */ = {isa = PBXBuildFile; fileRef = FC2C9A41C2CA0AE7FFD2B34A /* TeamInteractor.swift */; };
		BC552713562D7BD1F46D3934 /* TeamViewInput.swift in Sources */ = {isa = PBXBuildFile; fileRef = 2D267D7108B29034AAD9FA60 /* TeamViewInput.swift */; };
		BE9848242E3F2BB472965615 /* Pods_Monsters.framework in Frameworks */ = {isa = PBXBuildFile; fileRef = 3A294DCCD73ACE943C6AFB22 /* Pods_Monsters.framework */; };
		BFACCBA4A40748C00B8DA2B2 /* MapRouterInput.swift in Sources */ = {isa = PBXBuildFile; fileRef = 3E9B085DC82526E2C68201FD /* MapRouterInput.swift */; };
		C0DCA9915ADC52BF1B7A0B69 /* RootRouter.swift in Sources */ = {isa = PBXBuildFile; fileRef = 74192FD21FDA66B1E63D9FFE /* RootRouter.swift */; };
		C0F9FCCAB615362FC88559B2 /* LoginInteractor.swift in Sources */ = {isa = PBXBuildFile; fileRef = DFB4E5529D4EC1D30B88D4E8 /* LoginInteractor.swift */; };
		C35C93C8BBA25E383514FDE0 /* RootViewController.swift in Sources */ = {isa = PBXBuildFile; fileRef = 2FF4E488620CAFE6E7B692E3 /* RootViewController.swift */; };
		C733AE20EBA106B1A355D0C6 /* MapInteractorOutput.swift in Sources */ = {isa = PBXBuildFile; fileRef = C547016AB97BC90E6EECA8FB /* MapInteractorOutput.swift */; };
		C83E1F4C533211AB0911EC10 /* TeamConfigurator.swift in Sources */ = {isa = PBXBuildFile; fileRef = 8D02B65C0E429936D216255A /* TeamConfigurator.swift */; };
		D2A47252B77B30072B37AC12 /* RootRouterTests.swift in Sources */ = {isa = PBXBuildFile; fileRef = 0763B98E190E349CDFCC4565 /* RootRouterTests.swift */; };
		D8E604515D07EBD59B939FB8 /* RootConfigurator.swift in Sources */ = {isa = PBXBuildFile; fileRef = 193F3F7A6166F419CC301845 /* RootConfigurator.swift */; };
		DD447476FE84BB7438CCF9BF /* LoginRouter.swift in Sources */ = {isa = PBXBuildFile; fileRef = 82DF22B185C08B67F7FCCE3C /* LoginRouter.swift */; };
		DFE238E97071911242DAFADC /* CameraViewInput.swift in Sources */ = {isa = PBXBuildFile; fileRef = 1E4E1B5A2783571B661EC523 /* CameraViewInput.swift */; };
		E01DE934B6ED8BB354D327EB /* MapViewInput.swift in Sources */ = {isa = PBXBuildFile; fileRef = 772BC4FD13B1FAE5DF951141 /* MapViewInput.swift */; };
		E0BB94212A29DFBC8610D5B8 /* LoginInitializer.swift in Sources */ = {isa = PBXBuildFile; fileRef = DBFF4895494E58432D18C848 /* LoginInitializer.swift */; };
		E2AFEA2B309BE665D0B4C69F /* CameraPresenterTests.swift in Sources */ = {isa = PBXBuildFile; fileRef = 864671DB135D21E0D797F3E4 /* CameraPresenterTests.swift */; };
		E4FDEB64BF1C8948E08CC862 /* LoginRouterTests.swift in Sources */ = {isa = PBXBuildFile; fileRef = 8F0508AF7EDAAC62A7CBFF8B /* LoginRouterTests.swift */; };
		E6C541979095913C034E778C /* RootViewInput.swift in Sources */ = {isa = PBXBuildFile; fileRef = 7BD1AE9E8BA52BA4C5F5BE8E /* RootViewInput.swift */; };
		EC4F0B55EA2F915956222285 /* MapViewController.swift in Sources */ = {isa = PBXBuildFile; fileRef = BEA9A140C93ACC380E7BBB59 /* MapViewController.swift */; };
		F1317D63BC514813B90C8F30 /* TeamViewOutput.swift in Sources */ = {isa = PBXBuildFile; fileRef = 53D1D859B46374DE0DF10C0F /* TeamViewOutput.swift */; };
		F20BE6A60EFB0B474D2AF73B /* LoginModuleInput.swift in Sources */ = {isa = PBXBuildFile; fileRef = 43172472B4CAC55B2714D232 /* LoginModuleInput.swift */; };
		FA0258EF252914E8006C4E7C /* MapConfigurator.swift in Sources */ = {isa = PBXBuildFile; fileRef = B326FB84DA93A4D19CC1E345 /* MapConfigurator.swift */; };
		FA0258F3252914FC006C4E7C /* MapRouter.swift in Sources */ = {isa = PBXBuildFile; fileRef = 603DEE53C4C6C31BE36DCCEF /* MapRouter.swift */; };
		FA0258F725291501006C4E7C /* MapPresenter.swift in Sources */ = {isa = PBXBuildFile; fileRef = B350DF970E6808BD597FC868 /* MapPresenter.swift */; };
		FA0258F825291501006C4E7C /* MapInteractor.swift in Sources */ = {isa = PBXBuildFile; fileRef = 8FEAFAA1B9665AA0EA9E63BC /* MapInteractor.swift */; };
		FA0258F925291501006C4E7C /* MapViewController.swift in Sources */ = {isa = PBXBuildFile; fileRef = BEA9A140C93ACC380E7BBB59 /* MapViewController.swift */; };
		FA0258FD25291535006C4E7C /* MapRouterInput.swift in Sources */ = {isa = PBXBuildFile; fileRef = 3E9B085DC82526E2C68201FD /* MapRouterInput.swift */; };
		FA0259012529154D006C4E7C /* MapModuleInput.swift in Sources */ = {isa = PBXBuildFile; fileRef = 269F598D15A3D213DD5FE68B /* MapModuleInput.swift */; };
		FA0259022529154D006C4E7C /* MapViewOutput.swift in Sources */ = {isa = PBXBuildFile; fileRef = 286DCD39A0A016CC056C482B /* MapViewOutput.swift */; };
		FA0259032529154D006C4E7C /* MapViewInput.swift in Sources */ = {isa = PBXBuildFile; fileRef = 772BC4FD13B1FAE5DF951141 /* MapViewInput.swift */; };
		FA0259042529154D006C4E7C /* MapInteractorOutput.swift in Sources */ = {isa = PBXBuildFile; fileRef = C547016AB97BC90E6EECA8FB /* MapInteractorOutput.swift */; };
		FA0259052529154D006C4E7C /* MapInteractorInput.swift in Sources */ = {isa = PBXBuildFile; fileRef = DB44C0125348C9DE5EE2C828 /* MapInteractorInput.swift */; };
		FA02590925291589006C4E7C /* CameraConfigurator.swift in Sources */ = {isa = PBXBuildFile; fileRef = B25256EC27A3D3AC77337706 /* CameraConfigurator.swift */; };
		FA02590A25291589006C4E7C /* CameraViewController.swift in Sources */ = {isa = PBXBuildFile; fileRef = 7EE382F11407E3AF7B0FB27E /* CameraViewController.swift */; };
		FA02590B25291589006C4E7C /* CameraPresenter.swift in Sources */ = {isa = PBXBuildFile; fileRef = D263F1C8AE5C8994C21DF575 /* CameraPresenter.swift */; };
		FA02590C25291589006C4E7C /* CameraViewInput.swift in Sources */ = {isa = PBXBuildFile; fileRef = 1E4E1B5A2783571B661EC523 /* CameraViewInput.swift */; };
		FA02590D25291589006C4E7C /* CameraViewOutput.swift in Sources */ = {isa = PBXBuildFile; fileRef = 9283ED9A61725649AD06E3D2 /* CameraViewOutput.swift */; };
		FA02590E25291589006C4E7C /* CameraInteractorOutput.swift in Sources */ = {isa = PBXBuildFile; fileRef = EBBD30D8D4B31A01D960C828 /* CameraInteractorOutput.swift */; };
		FA02590F25291589006C4E7C /* CameraInteractor.swift in Sources */ = {isa = PBXBuildFile; fileRef = 40CF132AB6ABF797D7EC29B1 /* CameraInteractor.swift */; };
		FA02591025291589006C4E7C /* CameraInteractorInput.swift in Sources */ = {isa = PBXBuildFile; fileRef = 069B6EF7089FD7DE4988B6D5 /* CameraInteractorInput.swift */; };
		FA02591125291589006C4E7C /* CameraModuleInput.swift in Sources */ = {isa = PBXBuildFile; fileRef = E6F17EC4FD71B61123A282D1 /* CameraModuleInput.swift */; };
		FA02591225291589006C4E7C /* CameraRouterInput.swift in Sources */ = {isa = PBXBuildFile; fileRef = 36FE45048F315B0EC9C6AC8F /* CameraRouterInput.swift */; };
		FA02591325291589006C4E7C /* CameraRouter.swift in Sources */ = {isa = PBXBuildFile; fileRef = ECCDFB65583369C30DC4BF35 /* CameraRouter.swift */; };
		FA02A2FB252B0BCC00F536C7 /* GMSMarker.swift in Sources */ = {isa = PBXBuildFile; fileRef = FA02A2FA252B0BCC00F536C7 /* GMSMarker.swift */; };
		FA15F2CA2529BF5F006934C2 /* BlackButton.swift in Sources */ = {isa = PBXBuildFile; fileRef = FA15F2C92529BF5F006934C2 /* BlackButton.swift */; };
		FA15F2CF2529C820006934C2 /* BalckStack.swift in Sources */ = {isa = PBXBuildFile; fileRef = FA15F2CE2529C820006934C2 /* BalckStack.swift */; };
		FA15F2D42529CAA3006934C2 /* CircleBlackButton.swift in Sources */ = {isa = PBXBuildFile; fileRef = FA15F2D32529CAA3006934C2 /* CircleBlackButton.swift */; };
		FA1A96972535D1F600189FB5 /* SideMenu.swift in Sources */ = {isa = PBXBuildFile; fileRef = FA1A96962535D1F600189FB5 /* SideMenu.swift */; };
		FA1A969D2535D42600189FB5 /* SideMenuViewController.swift in Sources */ = {isa = PBXBuildFile; fileRef = FA1A969C2535D42600189FB5 /* SideMenuViewController.swift */; };
		FA1A96A52535DB3200189FB5 /* SettingsViewController.swift in Sources */ = {isa = PBXBuildFile; fileRef = FA1A96A42535DB3200189FB5 /* SettingsViewController.swift */; };
		FA46243A2529D19600FFDBF5 /* Monster.swift in Sources */ = {isa = PBXBuildFile; fileRef = FA4624392529D19600FFDBF5 /* Monster.swift */; };
		FA4624402529DFF900FFDBF5 /* Alert.swift in Sources */ = {isa = PBXBuildFile; fileRef = FA46243F2529DFF900FFDBF5 /* Alert.swift */; };
		FA4624562529E25100FFDBF5 /* BlackAlertController.swift in Sources */ = {isa = PBXBuildFile; fileRef = FA4624552529E25100FFDBF5 /* BlackAlertController.swift */; };
		FA46245B2529E67B00FFDBF5 /* LocationManager.swift in Sources */ = {isa = PBXBuildFile; fileRef = FA46245A2529E67B00FFDBF5 /* LocationManager.swift */; };
		FA9235B525290ED500A0836B /* AppDelegate.swift in Sources */ = {isa = PBXBuildFile; fileRef = FA9235B425290ED500A0836B /* AppDelegate.swift */; };
		FA9235B725290ED500A0836B /* SceneDelegate.swift in Sources */ = {isa = PBXBuildFile; fileRef = FA9235B625290ED500A0836B /* SceneDelegate.swift */; };
		FA9235BC25290ED500A0836B /* Main.storyboard in Resources */ = {isa = PBXBuildFile; fileRef = FA9235BA25290ED500A0836B /* Main.storyboard */; };
		FA9235BE25290ED500A0836B /* Assets.xcassets in Resources */ = {isa = PBXBuildFile; fileRef = FA9235BD25290ED500A0836B /* Assets.xcassets */; };
		FA9235C125290ED500A0836B /* LaunchScreen.storyboard in Resources */ = {isa = PBXBuildFile; fileRef = FA9235BF25290ED500A0836B /* LaunchScreen.storyboard */; };
		FA9235D725290ED600A0836B /* MonstersUITests.swift in Sources */ = {isa = PBXBuildFile; fileRef = FA9235D625290ED600A0836B /* MonstersUITests.swift */; };
		FA9657A6252CA55E00E58611 /* RealmStorage.swift in Sources */ = {isa = PBXBuildFile; fileRef = FA9657A5252CA55E00E58611 /* RealmStorage.swift */; };
		FACCEB6E252C5BD400F4F62D /* Helper.swift in Sources */ = {isa = PBXBuildFile; fileRef = FACCEB6D252C5BD400F4F62D /* Helper.swift */; };
		FAF60D1A25358DC80083509B /* User.swift in Sources */ = {isa = PBXBuildFile; fileRef = FAF60D1925358DC80083509B /* User.swift */; };
		FAF94A822535A5B50006848D /* SegueSwizzler.swift in Sources */ = {isa = PBXBuildFile; fileRef = FAF94A812535A5B50006848D /* SegueSwizzler.swift */; };
		FF3BB51DBC003DF7AE68345C /* CameraInitializer.swift in Sources */ = {isa = PBXBuildFile; fileRef = A00F4C8A1ED9A5A8F0AED200 /* CameraInitializer.swift */; };
/* End PBXBuildFile section */

/* Begin PBXContainerItemProxy section */
		FA9235C825290ED500A0836B /* PBXContainerItemProxy */ = {
			isa = PBXContainerItemProxy;
			containerPortal = FA9235A925290ED500A0836B /* Project object */;
			proxyType = 1;
			remoteGlobalIDString = FA9235B025290ED500A0836B;
			remoteInfo = Monsters;
		};
		FA9235D325290ED500A0836B /* PBXContainerItemProxy */ = {
			isa = PBXContainerItemProxy;
			containerPortal = FA9235A925290ED500A0836B /* Project object */;
			proxyType = 1;
			remoteGlobalIDString = FA9235B025290ED500A0836B;
			remoteInfo = Monsters;
		};
/* End PBXContainerItemProxy section */

/* Begin PBXFileReference section */
		00DCB2196CDE5F3B73A9BA8E /* LoginViewController.swift */ = {isa = PBXFileReference; includeInIndex = 1; lastKnownFileType = sourcecode.swift; path = LoginViewController.swift; sourceTree = "<group>"; };
		0305859E0EAE0701F60413FC /* RootModuleInput.swift */ = {isa = PBXFileReference; includeInIndex = 1; lastKnownFileType = sourcecode.swift; path = RootModuleInput.swift; sourceTree = "<group>"; };
		069B6EF7089FD7DE4988B6D5 /* CameraInteractorInput.swift */ = {isa = PBXFileReference; includeInIndex = 1; lastKnownFileType = sourcecode.swift; path = CameraInteractorInput.swift; sourceTree = "<group>"; };
		0763B98E190E349CDFCC4565 /* RootRouterTests.swift */ = {isa = PBXFileReference; includeInIndex = 1; lastKnownFileType = sourcecode.swift; path = RootRouterTests.swift; sourceTree = "<group>"; };
		10697C9FDCB33E38C721255A /* TeamRouterInput.swift */ = {isa = PBXFileReference; includeInIndex = 1; lastKnownFileType = sourcecode.swift; path = TeamRouterInput.swift; sourceTree = "<group>"; };
		131A52754F4280B0175C2AD8 /* MapConfiguratorTests.swift */ = {isa = PBXFileReference; includeInIndex = 1; lastKnownFileType = sourcecode.swift; path = MapConfiguratorTests.swift; sourceTree = "<group>"; };
		15487C8B4F13B7C67B0EDE9A /* RootConfiguratorTests.swift */ = {isa = PBXFileReference; includeInIndex = 1; lastKnownFileType = sourcecode.swift; path = RootConfiguratorTests.swift; sourceTree = "<group>"; };
		193F3F7A6166F419CC301845 /* RootConfigurator.swift */ = {isa = PBXFileReference; includeInIndex = 1; lastKnownFileType = sourcecode.swift; path = RootConfigurator.swift; sourceTree = "<group>"; };
		1D3DC8A950392B2283D40580 /* RootInitializer.swift */ = {isa = PBXFileReference; includeInIndex = 1; lastKnownFileType = sourcecode.swift; path = RootInitializer.swift; sourceTree = "<group>"; };
		1DAA12041D951F9CDD84EAA9 /* MapViewTests.swift */ = {isa = PBXFileReference; includeInIndex = 1; lastKnownFileType = sourcecode.swift; path = MapViewTests.swift; sourceTree = "<group>"; };
		1E4BA9938525E85460E1177F /* CameraRouterTests.swift */ = {isa = PBXFileReference; includeInIndex = 1; lastKnownFileType = sourcecode.swift; path = CameraRouterTests.swift; sourceTree = "<group>"; };
		1E4E1B5A2783571B661EC523 /* CameraViewInput.swift */ = {isa = PBXFileReference; includeInIndex = 1; lastKnownFileType = sourcecode.swift; path = CameraViewInput.swift; sourceTree = "<group>"; };
		1FB8CB9A206DD042E8F67A7C /* LoginViewOutput.swift */ = {isa = PBXFileReference; includeInIndex = 1; lastKnownFileType = sourcecode.swift; path = LoginViewOutput.swift; sourceTree = "<group>"; };
		258BDC14142305D16BB4D96B /* TeamPresenter.swift */ = {isa = PBXFileReference; includeInIndex = 1; lastKnownFileType = sourcecode.swift; path = TeamPresenter.swift; sourceTree = "<group>"; };
		269F598D15A3D213DD5FE68B /* MapModuleInput.swift */ = {isa = PBXFileReference; includeInIndex = 1; lastKnownFileType = sourcecode.swift; path = MapModuleInput.swift; sourceTree = "<group>"; };
		278710EDD76FA5E38165D649 /* RootInteractorTests.swift */ = {isa = PBXFileReference; includeInIndex = 1; lastKnownFileType = sourcecode.swift; path = RootInteractorTests.swift; sourceTree = "<group>"; };
		286DCD39A0A016CC056C482B /* MapViewOutput.swift */ = {isa = PBXFileReference; includeInIndex = 1; lastKnownFileType = sourcecode.swift; path = MapViewOutput.swift; sourceTree = "<group>"; };
		2D267D7108B29034AAD9FA60 /* TeamViewInput.swift */ = {isa = PBXFileReference; includeInIndex = 1; lastKnownFileType = sourcecode.swift; path = TeamViewInput.swift; sourceTree = "<group>"; };
		2F02ABE741C1FE69EC023A10 /* LoginInteractorTests.swift */ = {isa = PBXFileReference; includeInIndex = 1; lastKnownFileType = sourcecode.swift; path = LoginInteractorTests.swift; sourceTree = "<group>"; };
		2FF4E488620CAFE6E7B692E3 /* RootViewController.swift */ = {isa = PBXFileReference; includeInIndex = 1; lastKnownFileType = sourcecode.swift; path = RootViewController.swift; sourceTree = "<group>"; };
		36FE45048F315B0EC9C6AC8F /* CameraRouterInput.swift */ = {isa = PBXFileReference; includeInIndex = 1; lastKnownFileType = sourcecode.swift; path = CameraRouterInput.swift; sourceTree = "<group>"; };
		3A294DCCD73ACE943C6AFB22 /* Pods_Monsters.framework */ = {isa = PBXFileReference; explicitFileType = wrapper.framework; includeInIndex = 0; path = Pods_Monsters.framework; sourceTree = BUILT_PRODUCTS_DIR; };
		3A7C9FFCD53F0291C52B8C06 /* RootViewOutput.swift */ = {isa = PBXFileReference; includeInIndex = 1; lastKnownFileType = sourcecode.swift; path = RootViewOutput.swift; sourceTree = "<group>"; };
		3B1618DEAA8EC820DFC379D8 /* MapRouterTests.swift */ = {isa = PBXFileReference; includeInIndex = 1; lastKnownFileType = sourcecode.swift; path = MapRouterTests.swift; sourceTree = "<group>"; };
		3E9B085DC82526E2C68201FD /* MapRouterInput.swift */ = {isa = PBXFileReference; includeInIndex = 1; lastKnownFileType = sourcecode.swift; path = MapRouterInput.swift; sourceTree = "<group>"; };
		3F3038BA88BE052FD7514536 /* Pods_MonstersTests.framework */ = {isa = PBXFileReference; explicitFileType = wrapper.framework; includeInIndex = 0; path = Pods_MonstersTests.framework; sourceTree = BUILT_PRODUCTS_DIR; };
		40CF132AB6ABF797D7EC29B1 /* CameraInteractor.swift */ = {isa = PBXFileReference; includeInIndex = 1; lastKnownFileType = sourcecode.swift; path = CameraInteractor.swift; sourceTree = "<group>"; };
		43172472B4CAC55B2714D232 /* LoginModuleInput.swift */ = {isa = PBXFileReference; includeInIndex = 1; lastKnownFileType = sourcecode.swift; path = LoginModuleInput.swift; sourceTree = "<group>"; };
		44699CEE12BFB7448DDA5E3E /* RootInteractorOutput.swift */ = {isa = PBXFileReference; includeInIndex = 1; lastKnownFileType = sourcecode.swift; path = RootInteractorOutput.swift; sourceTree = "<group>"; };
		44B9211EB8D9BD5F1551F785 /* TeamModuleInput.swift */ = {isa = PBXFileReference; includeInIndex = 1; lastKnownFileType = sourcecode.swift; path = TeamModuleInput.swift; sourceTree = "<group>"; };
		4F628CB2F53C29F7DD3AB0DA /* LoginConfigurator.swift */ = {isa = PBXFileReference; includeInIndex = 1; lastKnownFileType = sourcecode.swift; path = LoginConfigurator.swift; sourceTree = "<group>"; };
		50906330BF4DB41199AFBF40 /* LoginPresenterTests.swift */ = {isa = PBXFileReference; includeInIndex = 1; lastKnownFileType = sourcecode.swift; path = LoginPresenterTests.swift; sourceTree = "<group>"; };
		51FA34576D56AF644492E5FE /* Pods-Monsters.release.xcconfig */ = {isa = PBXFileReference; includeInIndex = 1; lastKnownFileType = text.xcconfig; name = "Pods-Monsters.release.xcconfig"; path = "Target Support Files/Pods-Monsters/Pods-Monsters.release.xcconfig"; sourceTree = "<group>"; };
		53BE129C3D49747800B59E93 /* TeamInteractorInput.swift */ = {isa = PBXFileReference; includeInIndex = 1; lastKnownFileType = sourcecode.swift; path = TeamInteractorInput.swift; sourceTree = "<group>"; };
		53D1D859B46374DE0DF10C0F /* TeamViewOutput.swift */ = {isa = PBXFileReference; includeInIndex = 1; lastKnownFileType = sourcecode.swift; path = TeamViewOutput.swift; sourceTree = "<group>"; };
		585A2CFCEDA7D01D6F720D6C /* Pods_MonstersUITests.framework */ = {isa = PBXFileReference; explicitFileType = wrapper.framework; includeInIndex = 0; path = Pods_MonstersUITests.framework; sourceTree = BUILT_PRODUCTS_DIR; };
		603DEE53C4C6C31BE36DCCEF /* MapRouter.swift */ = {isa = PBXFileReference; includeInIndex = 1; lastKnownFileType = sourcecode.swift; path = MapRouter.swift; sourceTree = "<group>"; };
		6AF113C52AF1BF90BFE49301 /* RootViewTests.swift */ = {isa = PBXFileReference; includeInIndex = 1; lastKnownFileType = sourcecode.swift; path = RootViewTests.swift; sourceTree = "<group>"; };
		71D666224B21976C75E5420D /* TeamViewTests.swift */ = {isa = PBXFileReference; includeInIndex = 1; lastKnownFileType = sourcecode.swift; path = TeamViewTests.swift; sourceTree = "<group>"; };
		73518753C3AF1A39E277CE4E /* TeamInitializer.swift */ = {isa = PBXFileReference; includeInIndex = 1; lastKnownFileType = sourcecode.swift; path = TeamInitializer.swift; sourceTree = "<group>"; };
		74192FD21FDA66B1E63D9FFE /* RootRouter.swift */ = {isa = PBXFileReference; includeInIndex = 1; lastKnownFileType = sourcecode.swift; path = RootRouter.swift; sourceTree = "<group>"; };
		772BC4FD13B1FAE5DF951141 /* MapViewInput.swift */ = {isa = PBXFileReference; includeInIndex = 1; lastKnownFileType = sourcecode.swift; path = MapViewInput.swift; sourceTree = "<group>"; };
		791286939D539A1E3EFBD20F /* RootPresenter.swift */ = {isa = PBXFileReference; includeInIndex = 1; lastKnownFileType = sourcecode.swift; path = RootPresenter.swift; sourceTree = "<group>"; };
		79DDF883D28653AF92CAD5A8 /* TeamRouter.swift */ = {isa = PBXFileReference; includeInIndex = 1; lastKnownFileType = sourcecode.swift; path = TeamRouter.swift; sourceTree = "<group>"; };
		7B23DE91B5C8DA9FBD0BC541 /* MapInteractorTests.swift */ = {isa = PBXFileReference; includeInIndex = 1; lastKnownFileType = sourcecode.swift; path = MapInteractorTests.swift; sourceTree = "<group>"; };
		7BD1AE9E8BA52BA4C5F5BE8E /* RootViewInput.swift */ = {isa = PBXFileReference; includeInIndex = 1; lastKnownFileType = sourcecode.swift; path = RootViewInput.swift; sourceTree = "<group>"; };
		7CA2B4358D9A3AC488ACC3C4 /* LoginViewTests.swift */ = {isa = PBXFileReference; includeInIndex = 1; lastKnownFileType = sourcecode.swift; path = LoginViewTests.swift; sourceTree = "<group>"; };
		7EE382F11407E3AF7B0FB27E /* CameraViewController.swift */ = {isa = PBXFileReference; includeInIndex = 1; lastKnownFileType = sourcecode.swift; path = CameraViewController.swift; sourceTree = "<group>"; };
		7F9DB37989A5F025215441AE /* CameraConfiguratorTests.swift */ = {isa = PBXFileReference; includeInIndex = 1; lastKnownFileType = sourcecode.swift; path = CameraConfiguratorTests.swift; sourceTree = "<group>"; };
		82D3694A6A4ECB35492FFA88 /* MapPresenterTests.swift */ = {isa = PBXFileReference; includeInIndex = 1; lastKnownFileType = sourcecode.swift; path = MapPresenterTests.swift; sourceTree = "<group>"; };
		82DF22B185C08B67F7FCCE3C /* LoginRouter.swift */ = {isa = PBXFileReference; includeInIndex = 1; lastKnownFileType = sourcecode.swift; path = LoginRouter.swift; sourceTree = "<group>"; };
		83AA054921F9A27ED666F3DB /* LoginViewInput.swift */ = {isa = PBXFileReference; includeInIndex = 1; lastKnownFileType = sourcecode.swift; path = LoginViewInput.swift; sourceTree = "<group>"; };
		864671DB135D21E0D797F3E4 /* CameraPresenterTests.swift */ = {isa = PBXFileReference; includeInIndex = 1; lastKnownFileType = sourcecode.swift; path = CameraPresenterTests.swift; sourceTree = "<group>"; };
		8D02B65C0E429936D216255A /* TeamConfigurator.swift */ = {isa = PBXFileReference; includeInIndex = 1; lastKnownFileType = sourcecode.swift; path = TeamConfigurator.swift; sourceTree = "<group>"; };
		8F0508AF7EDAAC62A7CBFF8B /* LoginRouterTests.swift */ = {isa = PBXFileReference; includeInIndex = 1; lastKnownFileType = sourcecode.swift; path = LoginRouterTests.swift; sourceTree = "<group>"; };
		8F0D443CC57A808E05264A29 /* TeamRouterTests.swift */ = {isa = PBXFileReference; includeInIndex = 1; lastKnownFileType = sourcecode.swift; path = TeamRouterTests.swift; sourceTree = "<group>"; };
		8FEAFAA1B9665AA0EA9E63BC /* MapInteractor.swift */ = {isa = PBXFileReference; includeInIndex = 1; lastKnownFileType = sourcecode.swift; path = MapInteractor.swift; sourceTree = "<group>"; };
		9283ED9A61725649AD06E3D2 /* CameraViewOutput.swift */ = {isa = PBXFileReference; includeInIndex = 1; lastKnownFileType = sourcecode.swift; path = CameraViewOutput.swift; sourceTree = "<group>"; };
		9AFC82CCAE4A3D32658BD405 /* TeamViewController.swift */ = {isa = PBXFileReference; includeInIndex = 1; lastKnownFileType = sourcecode.swift; path = TeamViewController.swift; sourceTree = "<group>"; };
		9C6D73D0BB585D5533422F73 /* TeamConfiguratorTests.swift */ = {isa = PBXFileReference; includeInIndex = 1; lastKnownFileType = sourcecode.swift; path = TeamConfiguratorTests.swift; sourceTree = "<group>"; };
		A00F4C8A1ED9A5A8F0AED200 /* CameraInitializer.swift */ = {isa = PBXFileReference; includeInIndex = 1; lastKnownFileType = sourcecode.swift; path = CameraInitializer.swift; sourceTree = "<group>"; };
		A29ACB3D21F5C79F28DDD388 /* LoginPresenter.swift */ = {isa = PBXFileReference; includeInIndex = 1; lastKnownFileType = sourcecode.swift; path = LoginPresenter.swift; sourceTree = "<group>"; };
		A647D0D50F32BA4A3EE8FB75 /* RootRouterInput.swift */ = {isa = PBXFileReference; includeInIndex = 1; lastKnownFileType = sourcecode.swift; path = RootRouterInput.swift; sourceTree = "<group>"; };
		A7E963C69C1F6084582D2308 /* CameraInteractorTests.swift */ = {isa = PBXFileReference; includeInIndex = 1; lastKnownFileType = sourcecode.swift; path = CameraInteractorTests.swift; sourceTree = "<group>"; };
		AC80763957B64E8A89366616 /* RootInteractor.swift */ = {isa = PBXFileReference; includeInIndex = 1; lastKnownFileType = sourcecode.swift; path = RootInteractor.swift; sourceTree = "<group>"; };
		B0C1FA85AE66527EB785D59D /* LoginRouterInput.swift */ = {isa = PBXFileReference; includeInIndex = 1; lastKnownFileType = sourcecode.swift; path = LoginRouterInput.swift; sourceTree = "<group>"; };
		B25256EC27A3D3AC77337706 /* CameraConfigurator.swift */ = {isa = PBXFileReference; includeInIndex = 1; lastKnownFileType = sourcecode.swift; path = CameraConfigurator.swift; sourceTree = "<group>"; };
		B326FB84DA93A4D19CC1E345 /* MapConfigurator.swift */ = {isa = PBXFileReference; includeInIndex = 1; lastKnownFileType = sourcecode.swift; path = MapConfigurator.swift; sourceTree = "<group>"; };
		B350DF970E6808BD597FC868 /* MapPresenter.swift */ = {isa = PBXFileReference; includeInIndex = 1; lastKnownFileType = sourcecode.swift; path = MapPresenter.swift; sourceTree = "<group>"; };
		BEA9A140C93ACC380E7BBB59 /* MapViewController.swift */ = {isa = PBXFileReference; includeInIndex = 1; lastKnownFileType = sourcecode.swift; path = MapViewController.swift; sourceTree = "<group>"; };
		C034BCAAE344D608FBF02BD1 /* Pods-Monsters.debug.xcconfig */ = {isa = PBXFileReference; includeInIndex = 1; lastKnownFileType = text.xcconfig; name = "Pods-Monsters.debug.xcconfig"; path = "Target Support Files/Pods-Monsters/Pods-Monsters.debug.xcconfig"; sourceTree = "<group>"; };
		C547016AB97BC90E6EECA8FB /* MapInteractorOutput.swift */ = {isa = PBXFileReference; includeInIndex = 1; lastKnownFileType = sourcecode.swift; path = MapInteractorOutput.swift; sourceTree = "<group>"; };
		C623747634A25727A78E72D5 /* Pods-MonstersUITests.debug.xcconfig */ = {isa = PBXFileReference; includeInIndex = 1; lastKnownFileType = text.xcconfig; name = "Pods-MonstersUITests.debug.xcconfig"; path = "Target Support Files/Pods-MonstersUITests/Pods-MonstersUITests.debug.xcconfig"; sourceTree = "<group>"; };
		C9782BF3459D632F061FD300 /* LoginConfiguratorTests.swift */ = {isa = PBXFileReference; includeInIndex = 1; lastKnownFileType = sourcecode.swift; path = LoginConfiguratorTests.swift; sourceTree = "<group>"; };
		C98C918C1AB8C60D907F0C6C /* RootInteractorInput.swift */ = {isa = PBXFileReference; includeInIndex = 1; lastKnownFileType = sourcecode.swift; path = RootInteractorInput.swift; sourceTree = "<group>"; };
		CB0EFDFF07EEF0E50D5EECA7 /* Pods-MonstersTests.debug.xcconfig */ = {isa = PBXFileReference; includeInIndex = 1; lastKnownFileType = text.xcconfig; name = "Pods-MonstersTests.debug.xcconfig"; path = "Target Support Files/Pods-MonstersTests/Pods-MonstersTests.debug.xcconfig"; sourceTree = "<group>"; };
		CBAFD9C9911139926C459294 /* Pods-MonstersTests.release.xcconfig */ = {isa = PBXFileReference; includeInIndex = 1; lastKnownFileType = text.xcconfig; name = "Pods-MonstersTests.release.xcconfig"; path = "Target Support Files/Pods-MonstersTests/Pods-MonstersTests.release.xcconfig"; sourceTree = "<group>"; };
		CDEF6D1ED808BF7EB202C18F /* RootPresenterTests.swift */ = {isa = PBXFileReference; includeInIndex = 1; lastKnownFileType = sourcecode.swift; path = RootPresenterTests.swift; sourceTree = "<group>"; };
		CF1BD910F1FEB3E558E18F12 /* TeamInteractorOutput.swift */ = {isa = PBXFileReference; includeInIndex = 1; lastKnownFileType = sourcecode.swift; path = TeamInteractorOutput.swift; sourceTree = "<group>"; };
		D263F1C8AE5C8994C21DF575 /* CameraPresenter.swift */ = {isa = PBXFileReference; includeInIndex = 1; lastKnownFileType = sourcecode.swift; path = CameraPresenter.swift; sourceTree = "<group>"; };
		D4871FC499E0B8D5DEFCC88C /* CameraViewTests.swift */ = {isa = PBXFileReference; includeInIndex = 1; lastKnownFileType = sourcecode.swift; path = CameraViewTests.swift; sourceTree = "<group>"; };
		D5D1D141263DFA12E1C205E8 /* LoginInteractorOutput.swift */ = {isa = PBXFileReference; includeInIndex = 1; lastKnownFileType = sourcecode.swift; path = LoginInteractorOutput.swift; sourceTree = "<group>"; };
		D9840CBB3314B8B9E21F310E /* LoginInteractorInput.swift */ = {isa = PBXFileReference; includeInIndex = 1; lastKnownFileType = sourcecode.swift; path = LoginInteractorInput.swift; sourceTree = "<group>"; };
		DB44C0125348C9DE5EE2C828 /* MapInteractorInput.swift */ = {isa = PBXFileReference; includeInIndex = 1; lastKnownFileType = sourcecode.swift; path = MapInteractorInput.swift; sourceTree = "<group>"; };
		DBFF4895494E58432D18C848 /* LoginInitializer.swift */ = {isa = PBXFileReference; includeInIndex = 1; lastKnownFileType = sourcecode.swift; path = LoginInitializer.swift; sourceTree = "<group>"; };
		DFB4E5529D4EC1D30B88D4E8 /* LoginInteractor.swift */ = {isa = PBXFileReference; includeInIndex = 1; lastKnownFileType = sourcecode.swift; path = LoginInteractor.swift; sourceTree = "<group>"; };
		E6F17EC4FD71B61123A282D1 /* CameraModuleInput.swift */ = {isa = PBXFileReference; includeInIndex = 1; lastKnownFileType = sourcecode.swift; path = CameraModuleInput.swift; sourceTree = "<group>"; };
		E706DE66C0D098D47FC2A055 /* TeamPresenterTests.swift */ = {isa = PBXFileReference; includeInIndex = 1; lastKnownFileType = sourcecode.swift; path = TeamPresenterTests.swift; sourceTree = "<group>"; };
		EBBD30D8D4B31A01D960C828 /* CameraInteractorOutput.swift */ = {isa = PBXFileReference; includeInIndex = 1; lastKnownFileType = sourcecode.swift; path = CameraInteractorOutput.swift; sourceTree = "<group>"; };
		ECCDFB65583369C30DC4BF35 /* CameraRouter.swift */ = {isa = PBXFileReference; includeInIndex = 1; lastKnownFileType = sourcecode.swift; path = CameraRouter.swift; sourceTree = "<group>"; };
		F064934E6DF3B894B4D12D59 /* MapInitializer.swift */ = {isa = PBXFileReference; includeInIndex = 1; lastKnownFileType = sourcecode.swift; path = MapInitializer.swift; sourceTree = "<group>"; };
		F789F8AA46891FE015E2DC2B /* TeamInteractorTests.swift */ = {isa = PBXFileReference; includeInIndex = 1; lastKnownFileType = sourcecode.swift; path = TeamInteractorTests.swift; sourceTree = "<group>"; };
		F8D95AADAFA5235438B22DC2 /* Pods-MonstersUITests.release.xcconfig */ = {isa = PBXFileReference; includeInIndex = 1; lastKnownFileType = text.xcconfig; name = "Pods-MonstersUITests.release.xcconfig"; path = "Target Support Files/Pods-MonstersUITests/Pods-MonstersUITests.release.xcconfig"; sourceTree = "<group>"; };
		FA02A2FA252B0BCC00F536C7 /* GMSMarker.swift */ = {isa = PBXFileReference; lastKnownFileType = sourcecode.swift; path = GMSMarker.swift; sourceTree = "<group>"; };
		FA15F2C92529BF5F006934C2 /* BlackButton.swift */ = {isa = PBXFileReference; lastKnownFileType = sourcecode.swift; path = BlackButton.swift; sourceTree = "<group>"; };
		FA15F2CE2529C820006934C2 /* BalckStack.swift */ = {isa = PBXFileReference; lastKnownFileType = sourcecode.swift; path = BalckStack.swift; sourceTree = "<group>"; };
		FA15F2D32529CAA3006934C2 /* CircleBlackButton.swift */ = {isa = PBXFileReference; lastKnownFileType = sourcecode.swift; path = CircleBlackButton.swift; sourceTree = "<group>"; };
		FA1A96962535D1F600189FB5 /* SideMenu.swift */ = {isa = PBXFileReference; lastKnownFileType = sourcecode.swift; path = SideMenu.swift; sourceTree = "<group>"; };
		FA1A969C2535D42600189FB5 /* SideMenuViewController.swift */ = {isa = PBXFileReference; lastKnownFileType = sourcecode.swift; path = SideMenuViewController.swift; sourceTree = "<group>"; };
		FA1A96A42535DB3200189FB5 /* SettingsViewController.swift */ = {isa = PBXFileReference; lastKnownFileType = sourcecode.swift; path = SettingsViewController.swift; sourceTree = "<group>"; };
		FA4624392529D19600FFDBF5 /* Monster.swift */ = {isa = PBXFileReference; lastKnownFileType = sourcecode.swift; path = Monster.swift; sourceTree = "<group>"; };
		FA46243F2529DFF900FFDBF5 /* Alert.swift */ = {isa = PBXFileReference; lastKnownFileType = sourcecode.swift; path = Alert.swift; sourceTree = "<group>"; };
		FA4624552529E25100FFDBF5 /* BlackAlertController.swift */ = {isa = PBXFileReference; lastKnownFileType = sourcecode.swift; path = BlackAlertController.swift; sourceTree = "<group>"; };
		FA46245A2529E67B00FFDBF5 /* LocationManager.swift */ = {isa = PBXFileReference; lastKnownFileType = sourcecode.swift; path = LocationManager.swift; sourceTree = "<group>"; };
		FA9235B125290ED500A0836B /* Monsters.app */ = {isa = PBXFileReference; explicitFileType = wrapper.application; includeInIndex = 0; path = Monsters.app; sourceTree = BUILT_PRODUCTS_DIR; };
		FA9235B425290ED500A0836B /* AppDelegate.swift */ = {isa = PBXFileReference; lastKnownFileType = sourcecode.swift; path = AppDelegate.swift; sourceTree = "<group>"; };
		FA9235B625290ED500A0836B /* SceneDelegate.swift */ = {isa = PBXFileReference; lastKnownFileType = sourcecode.swift; path = SceneDelegate.swift; sourceTree = "<group>"; };
		FA9235BB25290ED500A0836B /* Base */ = {isa = PBXFileReference; lastKnownFileType = file.storyboard; name = Base; path = Base.lproj/Main.storyboard; sourceTree = "<group>"; };
		FA9235BD25290ED500A0836B /* Assets.xcassets */ = {isa = PBXFileReference; lastKnownFileType = folder.assetcatalog; path = Assets.xcassets; sourceTree = "<group>"; };
		FA9235C025290ED500A0836B /* Base */ = {isa = PBXFileReference; lastKnownFileType = file.storyboard; name = Base; path = Base.lproj/LaunchScreen.storyboard; sourceTree = "<group>"; };
		FA9235C225290ED500A0836B /* Info.plist */ = {isa = PBXFileReference; lastKnownFileType = text.plist.xml; path = Info.plist; sourceTree = "<group>"; };
		FA9235C725290ED500A0836B /* MonstersTests.xctest */ = {isa = PBXFileReference; explicitFileType = wrapper.cfbundle; includeInIndex = 0; path = MonstersTests.xctest; sourceTree = BUILT_PRODUCTS_DIR; };
		FA9235CD25290ED500A0836B /* Info.plist */ = {isa = PBXFileReference; lastKnownFileType = text.plist.xml; path = Info.plist; sourceTree = "<group>"; };
		FA9235D225290ED500A0836B /* MonstersUITests.xctest */ = {isa = PBXFileReference; explicitFileType = wrapper.cfbundle; includeInIndex = 0; path = MonstersUITests.xctest; sourceTree = BUILT_PRODUCTS_DIR; };
		FA9235D625290ED600A0836B /* MonstersUITests.swift */ = {isa = PBXFileReference; lastKnownFileType = sourcecode.swift; path = MonstersUITests.swift; sourceTree = "<group>"; };
		FA9235D825290ED600A0836B /* Info.plist */ = {isa = PBXFileReference; lastKnownFileType = text.plist.xml; path = Info.plist; sourceTree = "<group>"; };
		FA9657A5252CA55E00E58611 /* RealmStorage.swift */ = {isa = PBXFileReference; lastKnownFileType = sourcecode.swift; path = RealmStorage.swift; sourceTree = "<group>"; };
		FACCEB6D252C5BD400F4F62D /* Helper.swift */ = {isa = PBXFileReference; lastKnownFileType = sourcecode.swift; path = Helper.swift; sourceTree = "<group>"; };
		FAF60D1925358DC80083509B /* User.swift */ = {isa = PBXFileReference; lastKnownFileType = sourcecode.swift; path = User.swift; sourceTree = "<group>"; };
		FAF94A812535A5B50006848D /* SegueSwizzler.swift */ = {isa = PBXFileReference; lastKnownFileType = sourcecode.swift; path = SegueSwizzler.swift; sourceTree = "<group>"; };
		FC2C9A41C2CA0AE7FFD2B34A /* TeamInteractor.swift */ = {isa = PBXFileReference; includeInIndex = 1; lastKnownFileType = sourcecode.swift; path = TeamInteractor.swift; sourceTree = "<group>"; };
/* End PBXFileReference section */

/* Begin PBXFrameworksBuildPhase section */
		FA9235AE25290ED500A0836B /* Frameworks */ = {
			isa = PBXFrameworksBuildPhase;
			buildActionMask = 2147483647;
			files = (
				BE9848242E3F2BB472965615 /* Pods_Monsters.framework in Frameworks */,
			);
			runOnlyForDeploymentPostprocessing = 0;
		};
		FA9235C425290ED500A0836B /* Frameworks */ = {
			isa = PBXFrameworksBuildPhase;
			buildActionMask = 2147483647;
			files = (
				86033986AF76FD95C56B6D93 /* Pods_MonstersTests.framework in Frameworks */,
			);
			runOnlyForDeploymentPostprocessing = 0;
		};
		FA9235CF25290ED500A0836B /* Frameworks */ = {
			isa = PBXFrameworksBuildPhase;
			buildActionMask = 2147483647;
			files = (
				42075B85FC37A8EDFE4EA607 /* Pods_MonstersUITests.framework in Frameworks */,
			);
			runOnlyForDeploymentPostprocessing = 0;
		};
/* End PBXFrameworksBuildPhase section */

/* Begin PBXGroup section */
		04234EEBFC5381B258F6B7A7 /* Interactor */ = {
			isa = PBXGroup;
			children = (
				2F02ABE741C1FE69EC023A10 /* LoginInteractorTests.swift */,
			);
			path = Interactor;
			sourceTree = "<group>";
		};
		06118A2D882D9CCD79DFDB6E /* Interactor */ = {
			isa = PBXGroup;
			children = (
				DB44C0125348C9DE5EE2C828 /* MapInteractorInput.swift */,
				C547016AB97BC90E6EECA8FB /* MapInteractorOutput.swift */,
				8FEAFAA1B9665AA0EA9E63BC /* MapInteractor.swift */,
			);
			path = Interactor;
			sourceTree = "<group>";
		};
		072AE1C6F207FE9CB3A674C3 /* Login */ = {
			isa = PBXGroup;
			children = (
				FF31A717B71AF4EFE3829956 /* View */,
				8860017F7F1885479881FA3D /* Presenter */,
				45F03F2459BE84311349805C /* Interactor */,
				0C6DBAD23B68EF1480A5A39B /* Router */,
				CC00FB3A60E9B8C6DD55CC53 /* Configurator */,
			);
			path = Login;
			sourceTree = "<group>";
		};
		09A4E2AB7FEAFF3F8DEB0C77 /* Modules */ = {
			isa = PBXGroup;
			children = (
				E62C2729AC5ED8DF07101C25 /* Map */,
				4FD1B5F3933CFB790A10970F /* Camera */,
				68B80F2C2F06C2C939D46C1D /* Root */,
				ECADB2EA64223B45DE838A37 /* Team */,
				EC4C03F459A458155ED4C8E2 /* Login */,
			);
			path = Modules;
			sourceTree = "<group>";
		};
		0C6DBAD23B68EF1480A5A39B /* Router */ = {
			isa = PBXGroup;
			children = (
				B0C1FA85AE66527EB785D59D /* LoginRouterInput.swift */,
				82DF22B185C08B67F7FCCE3C /* LoginRouter.swift */,
			);
			path = Router;
			sourceTree = "<group>";
		};
		11611AB05A845459C5080547 /* View */ = {
			isa = PBXGroup;
			children = (
				2D267D7108B29034AAD9FA60 /* TeamViewInput.swift */,
				53D1D859B46374DE0DF10C0F /* TeamViewOutput.swift */,
				9AFC82CCAE4A3D32658BD405 /* TeamViewController.swift */,
			);
			path = View;
			sourceTree = "<group>";
		};
		184274C73AAD15B6F49FEF4F /* Router */ = {
			isa = PBXGroup;
			children = (
				10697C9FDCB33E38C721255A /* TeamRouterInput.swift */,
				79DDF883D28653AF92CAD5A8 /* TeamRouter.swift */,
			);
			path = Router;
			sourceTree = "<group>";
		};
		19BB129E6007530754565A7C /* View */ = {
			isa = PBXGroup;
			children = (
				71D666224B21976C75E5420D /* TeamViewTests.swift */,
			);
			path = View;
			sourceTree = "<group>";
		};
		1A98AD8A592CDF4073090C06 /* Router */ = {
			isa = PBXGroup;
			children = (
				36FE45048F315B0EC9C6AC8F /* CameraRouterInput.swift */,
				ECCDFB65583369C30DC4BF35 /* CameraRouter.swift */,
			);
			path = Router;
			sourceTree = "<group>";
		};
		2C0E957C80F1B357594800E8 /* Interactor */ = {
			isa = PBXGroup;
			children = (
				53BE129C3D49747800B59E93 /* TeamInteractorInput.swift */,
				CF1BD910F1FEB3E558E18F12 /* TeamInteractorOutput.swift */,
				FC2C9A41C2CA0AE7FFD2B34A /* TeamInteractor.swift */,
			);
			path = Interactor;
			sourceTree = "<group>";
		};
		2D1905CAB4421D875D3CEE09 /* Frameworks */ = {
			isa = PBXGroup;
			children = (
				3A294DCCD73ACE943C6AFB22 /* Pods_Monsters.framework */,
				3F3038BA88BE052FD7514536 /* Pods_MonstersTests.framework */,
				585A2CFCEDA7D01D6F720D6C /* Pods_MonstersUITests.framework */,
			);
			name = Frameworks;
			sourceTree = "<group>";
		};
		2D9B3D104B7274CBA8EC8CF3 /* Presenter */ = {
			isa = PBXGroup;
			children = (
				CDEF6D1ED808BF7EB202C18F /* RootPresenterTests.swift */,
			);
			path = Presenter;
			sourceTree = "<group>";
		};
		36D172E5DF6A1D58D38BD404 /* Camera */ = {
			isa = PBXGroup;
			children = (
				FFD9BAC07EAB2A7EB5C7C995 /* View */,
				D43AF6B5FB728E0807B12BCC /* Presenter */,
				8405E6D36B3D85E60304D063 /* Interactor */,
				1A98AD8A592CDF4073090C06 /* Router */,
				DE2C10180A1F0AE638A99920 /* Configurator */,
			);
			path = Camera;
			sourceTree = "<group>";
		};
		3B25E336AD3E2D191D9CDD43 /* Presenter */ = {
			isa = PBXGroup;
			children = (
				864671DB135D21E0D797F3E4 /* CameraPresenterTests.swift */,
			);
			path = Presenter;
			sourceTree = "<group>";
		};
		3F8BAAF393CADDA36490BB51 /* Configurator */ = {
			isa = PBXGroup;
			children = (
				9C6D73D0BB585D5533422F73 /* TeamConfiguratorTests.swift */,
			);
			path = Configurator;
			sourceTree = "<group>";
		};
		45BF1217C396130459635FAC /* View */ = {
			isa = PBXGroup;
			children = (
				772BC4FD13B1FAE5DF951141 /* MapViewInput.swift */,
				286DCD39A0A016CC056C482B /* MapViewOutput.swift */,
				BEA9A140C93ACC380E7BBB59 /* MapViewController.swift */,
			);
			path = View;
			sourceTree = "<group>";
		};
		45F03F2459BE84311349805C /* Interactor */ = {
			isa = PBXGroup;
			children = (
				D9840CBB3314B8B9E21F310E /* LoginInteractorInput.swift */,
				D5D1D141263DFA12E1C205E8 /* LoginInteractorOutput.swift */,
				DFB4E5529D4EC1D30B88D4E8 /* LoginInteractor.swift */,
			);
			path = Interactor;
			sourceTree = "<group>";
		};
		4CB68AA3090316FEBBF4E03A /* Router */ = {
			isa = PBXGroup;
			children = (
				3E9B085DC82526E2C68201FD /* MapRouterInput.swift */,
				603DEE53C4C6C31BE36DCCEF /* MapRouter.swift */,
			);
			path = Router;
			sourceTree = "<group>";
		};
		4D09D99D8490D95C2C7B09D0 /* Router */ = {
			isa = PBXGroup;
			children = (
				1E4BA9938525E85460E1177F /* CameraRouterTests.swift */,
			);
			path = Router;
			sourceTree = "<group>";
		};
		4FD1B5F3933CFB790A10970F /* Camera */ = {
			isa = PBXGroup;
			children = (
				AD9445EA068C15AB0E639FF3 /* Configurator */,
				5596D71F0BA6E25A9EC08C7C /* View */,
				E713AC2C7D99CB200BBDA687 /* Interactor */,
				3B25E336AD3E2D191D9CDD43 /* Presenter */,
				4D09D99D8490D95C2C7B09D0 /* Router */,
			);
			path = Camera;
			sourceTree = "<group>";
		};
		5454AFA29E248F70729B5A5B /* Configurator */ = {
			isa = PBXGroup;
			children = (
				193F3F7A6166F419CC301845 /* RootConfigurator.swift */,
				1D3DC8A950392B2283D40580 /* RootInitializer.swift */,
			);
			path = Configurator;
			sourceTree = "<group>";
		};
		5596D71F0BA6E25A9EC08C7C /* View */ = {
			isa = PBXGroup;
			children = (
				D4871FC499E0B8D5DEFCC88C /* CameraViewTests.swift */,
			);
			path = View;
			sourceTree = "<group>";
		};
		5A67424E6CEED8534A5712B9 /* Configurator */ = {
			isa = PBXGroup;
			children = (
				C9782BF3459D632F061FD300 /* LoginConfiguratorTests.swift */,
			);
			path = Configurator;
			sourceTree = "<group>";
		};
		60AA7310E25C9281C0ECDF14 /* Interactor */ = {
			isa = PBXGroup;
			children = (
				278710EDD76FA5E38165D649 /* RootInteractorTests.swift */,
			);
			path = Interactor;
			sourceTree = "<group>";
		};
		68B80F2C2F06C2C939D46C1D /* Root */ = {
			isa = PBXGroup;
			children = (
				FF2DCB34DF88989830865376 /* Configurator */,
				E16EA2DB7AA641AF9EBF949C /* View */,
				60AA7310E25C9281C0ECDF14 /* Interactor */,
				2D9B3D104B7274CBA8EC8CF3 /* Presenter */,
				8516418D276D55AD4E217C32 /* Router */,
			);
			path = Root;
			sourceTree = "<group>";
		};
		716AAD11F330B91EAB019EB8 /* Interactor */ = {
			isa = PBXGroup;
			children = (
				C98C918C1AB8C60D907F0C6C /* RootInteractorInput.swift */,
				44699CEE12BFB7448DDA5E3E /* RootInteractorOutput.swift */,
				AC80763957B64E8A89366616 /* RootInteractor.swift */,
			);
			path = Interactor;
			sourceTree = "<group>";
		};
		742188B937E0CFAE7920CCBF /* Presenter */ = {
			isa = PBXGroup;
			children = (
				0305859E0EAE0701F60413FC /* RootModuleInput.swift */,
				791286939D539A1E3EFBD20F /* RootPresenter.swift */,
			);
			path = Presenter;
			sourceTree = "<group>";
		};
		7DE1F320B7712D36B2D25C20 /* Presenter */ = {
			isa = PBXGroup;
			children = (
				82D3694A6A4ECB35492FFA88 /* MapPresenterTests.swift */,
			);
			path = Presenter;
			sourceTree = "<group>";
		};
		8405E6D36B3D85E60304D063 /* Interactor */ = {
			isa = PBXGroup;
			children = (
				069B6EF7089FD7DE4988B6D5 /* CameraInteractorInput.swift */,
				EBBD30D8D4B31A01D960C828 /* CameraInteractorOutput.swift */,
				40CF132AB6ABF797D7EC29B1 /* CameraInteractor.swift */,
			);
			path = Interactor;
			sourceTree = "<group>";
		};
		84500419309F050EE28D5423 /* Configurator */ = {
			isa = PBXGroup;
			children = (
				B326FB84DA93A4D19CC1E345 /* MapConfigurator.swift */,
				F064934E6DF3B894B4D12D59 /* MapInitializer.swift */,
			);
			path = Configurator;
			sourceTree = "<group>";
		};
		8516418D276D55AD4E217C32 /* Router */ = {
			isa = PBXGroup;
			children = (
				0763B98E190E349CDFCC4565 /* RootRouterTests.swift */,
			);
			path = Router;
			sourceTree = "<group>";
		};
		857484D312F4A922621170E1 /* View */ = {
			isa = PBXGroup;
			children = (
				7BD1AE9E8BA52BA4C5F5BE8E /* RootViewInput.swift */,
				3A7C9FFCD53F0291C52B8C06 /* RootViewOutput.swift */,
				2FF4E488620CAFE6E7B692E3 /* RootViewController.swift */,
			);
			path = View;
			sourceTree = "<group>";
		};
		8860017F7F1885479881FA3D /* Presenter */ = {
			isa = PBXGroup;
			children = (
				43172472B4CAC55B2714D232 /* LoginModuleInput.swift */,
				A29ACB3D21F5C79F28DDD388 /* LoginPresenter.swift */,
			);
			path = Presenter;
			sourceTree = "<group>";
		};
		899318A35A48DBAE41C49C19 /* Presenter */ = {
			isa = PBXGroup;
			children = (
				50906330BF4DB41199AFBF40 /* LoginPresenterTests.swift */,
			);
			path = Presenter;
			sourceTree = "<group>";
		};
		938A822D40899F11124FB522 /* Router */ = {
			isa = PBXGroup;
			children = (
				A647D0D50F32BA4A3EE8FB75 /* RootRouterInput.swift */,
				74192FD21FDA66B1E63D9FFE /* RootRouter.swift */,
			);
			path = Router;
			sourceTree = "<group>";
		};
		A703AF6ADC27066DD502DAB7 /* Presenter */ = {
			isa = PBXGroup;
			children = (
				E706DE66C0D098D47FC2A055 /* TeamPresenterTests.swift */,
			);
			path = Presenter;
			sourceTree = "<group>";
		};
		A856EA363376D8BBFB73D7CD /* View */ = {
			isa = PBXGroup;
			children = (
				1DAA12041D951F9CDD84EAA9 /* MapViewTests.swift */,
			);
			path = View;
			sourceTree = "<group>";
		};
		A8EBC91D5AE9410C1ADD8105 /* Modules */ = {
			isa = PBXGroup;
			children = (
				B87F01FFC65CC0DDDDF075B4 /* Map */,
				36D172E5DF6A1D58D38BD404 /* Camera */,
				DADC0E322FE4F59D4F2740A9 /* Team */,
				F0A7DFAD465AEA3120859A0B /* Root */,
				072AE1C6F207FE9CB3A674C3 /* Login */,
			);
			path = Modules;
			sourceTree = "<group>";
		};
		AD9445EA068C15AB0E639FF3 /* Configurator */ = {
			isa = PBXGroup;
			children = (
				7F9DB37989A5F025215441AE /* CameraConfiguratorTests.swift */,
			);
			path = Configurator;
			sourceTree = "<group>";
		};
		B87F01FFC65CC0DDDDF075B4 /* Map */ = {
			isa = PBXGroup;
			children = (
				45BF1217C396130459635FAC /* View */,
				EEDAF8A331439D791D4BE2F6 /* Presenter */,
				06118A2D882D9CCD79DFDB6E /* Interactor */,
				4CB68AA3090316FEBBF4E03A /* Router */,
				84500419309F050EE28D5423 /* Configurator */,
			);
			path = Map;
			sourceTree = "<group>";
		};
		C08B0B4794DE0CED8B07D6DC /* View */ = {
			isa = PBXGroup;
			children = (
				7CA2B4358D9A3AC488ACC3C4 /* LoginViewTests.swift */,
			);
			path = View;
			sourceTree = "<group>";
		};
		CC00FB3A60E9B8C6DD55CC53 /* Configurator */ = {
			isa = PBXGroup;
			children = (
				4F628CB2F53C29F7DD3AB0DA /* LoginConfigurator.swift */,
				DBFF4895494E58432D18C848 /* LoginInitializer.swift */,
			);
			path = Configurator;
			sourceTree = "<group>";
		};
		D43AF6B5FB728E0807B12BCC /* Presenter */ = {
			isa = PBXGroup;
			children = (
				E6F17EC4FD71B61123A282D1 /* CameraModuleInput.swift */,
				D263F1C8AE5C8994C21DF575 /* CameraPresenter.swift */,
			);
			path = Presenter;
			sourceTree = "<group>";
		};
		D8BBBFFFBB917CF69B27D919 /* Pods */ = {
			isa = PBXGroup;
			children = (
				C034BCAAE344D608FBF02BD1 /* Pods-Monsters.debug.xcconfig */,
				51FA34576D56AF644492E5FE /* Pods-Monsters.release.xcconfig */,
				CB0EFDFF07EEF0E50D5EECA7 /* Pods-MonstersTests.debug.xcconfig */,
				CBAFD9C9911139926C459294 /* Pods-MonstersTests.release.xcconfig */,
				C623747634A25727A78E72D5 /* Pods-MonstersUITests.debug.xcconfig */,
				F8D95AADAFA5235438B22DC2 /* Pods-MonstersUITests.release.xcconfig */,
			);
			path = Pods;
			sourceTree = "<group>";
		};
		D944A744E3DAA8C658F586C0 /* Router */ = {
			isa = PBXGroup;
			children = (
				8F0D443CC57A808E05264A29 /* TeamRouterTests.swift */,
			);
			path = Router;
			sourceTree = "<group>";
		};
		DAAF7E068375D7485A3669B2 /* Interactor */ = {
			isa = PBXGroup;
			children = (
				F789F8AA46891FE015E2DC2B /* TeamInteractorTests.swift */,
			);
			path = Interactor;
			sourceTree = "<group>";
		};
		DADC0E322FE4F59D4F2740A9 /* Team */ = {
			isa = PBXGroup;
			children = (
				11611AB05A845459C5080547 /* View */,
				DF42FB2882A8B4AEB4353B6D /* Presenter */,
				2C0E957C80F1B357594800E8 /* Interactor */,
				184274C73AAD15B6F49FEF4F /* Router */,
				F63D59F4514ACC1AE5F9009B /* Configurator */,
			);
			path = Team;
			sourceTree = "<group>";
		};
		DE2C10180A1F0AE638A99920 /* Configurator */ = {
			isa = PBXGroup;
			children = (
				B25256EC27A3D3AC77337706 /* CameraConfigurator.swift */,
				A00F4C8A1ED9A5A8F0AED200 /* CameraInitializer.swift */,
			);
			path = Configurator;
			sourceTree = "<group>";
		};
		DF42FB2882A8B4AEB4353B6D /* Presenter */ = {
			isa = PBXGroup;
			children = (
				44B9211EB8D9BD5F1551F785 /* TeamModuleInput.swift */,
				258BDC14142305D16BB4D96B /* TeamPresenter.swift */,
			);
			path = Presenter;
			sourceTree = "<group>";
		};
		E16EA2DB7AA641AF9EBF949C /* View */ = {
			isa = PBXGroup;
			children = (
				6AF113C52AF1BF90BFE49301 /* RootViewTests.swift */,
			);
			path = View;
			sourceTree = "<group>";
		};
		E21DC2AB76649F974C989EF7 /* Interactor */ = {
			isa = PBXGroup;
			children = (
				7B23DE91B5C8DA9FBD0BC541 /* MapInteractorTests.swift */,
			);
			path = Interactor;
			sourceTree = "<group>";
		};
		E62C2729AC5ED8DF07101C25 /* Map */ = {
			isa = PBXGroup;
			children = (
				F92A8D839089CB893DE04C7F /* Configurator */,
				A856EA363376D8BBFB73D7CD /* View */,
				E21DC2AB76649F974C989EF7 /* Interactor */,
				7DE1F320B7712D36B2D25C20 /* Presenter */,
				ED0C39009602B0F3D91B391D /* Router */,
			);
			path = Map;
			sourceTree = "<group>";
		};
		E713AC2C7D99CB200BBDA687 /* Interactor */ = {
			isa = PBXGroup;
			children = (
				A7E963C69C1F6084582D2308 /* CameraInteractorTests.swift */,
			);
			path = Interactor;
			sourceTree = "<group>";
		};
		EC4C03F459A458155ED4C8E2 /* Login */ = {
			isa = PBXGroup;
			children = (
				5A67424E6CEED8534A5712B9 /* Configurator */,
				C08B0B4794DE0CED8B07D6DC /* View */,
				04234EEBFC5381B258F6B7A7 /* Interactor */,
				899318A35A48DBAE41C49C19 /* Presenter */,
				EFBF078D5F3EF0C4AAF92702 /* Router */,
			);
			path = Login;
			sourceTree = "<group>";
		};
		ECADB2EA64223B45DE838A37 /* Team */ = {
			isa = PBXGroup;
			children = (
				3F8BAAF393CADDA36490BB51 /* Configurator */,
				19BB129E6007530754565A7C /* View */,
				DAAF7E068375D7485A3669B2 /* Interactor */,
				A703AF6ADC27066DD502DAB7 /* Presenter */,
				D944A744E3DAA8C658F586C0 /* Router */,
			);
			path = Team;
			sourceTree = "<group>";
		};
		ED0C39009602B0F3D91B391D /* Router */ = {
			isa = PBXGroup;
			children = (
				3B1618DEAA8EC820DFC379D8 /* MapRouterTests.swift */,
			);
			path = Router;
			sourceTree = "<group>";
		};
		EEDAF8A331439D791D4BE2F6 /* Presenter */ = {
			isa = PBXGroup;
			children = (
				269F598D15A3D213DD5FE68B /* MapModuleInput.swift */,
				B350DF970E6808BD597FC868 /* MapPresenter.swift */,
			);
			path = Presenter;
			sourceTree = "<group>";
		};
		EFBF078D5F3EF0C4AAF92702 /* Router */ = {
			isa = PBXGroup;
			children = (
				8F0508AF7EDAAC62A7CBFF8B /* LoginRouterTests.swift */,
			);
			path = Router;
			sourceTree = "<group>";
		};
		F0A7DFAD465AEA3120859A0B /* Root */ = {
			isa = PBXGroup;
			children = (
				857484D312F4A922621170E1 /* View */,
				742188B937E0CFAE7920CCBF /* Presenter */,
				716AAD11F330B91EAB019EB8 /* Interactor */,
				938A822D40899F11124FB522 /* Router */,
				5454AFA29E248F70729B5A5B /* Configurator */,
			);
			path = Root;
			sourceTree = "<group>";
		};
		F63D59F4514ACC1AE5F9009B /* Configurator */ = {
			isa = PBXGroup;
			children = (
				8D02B65C0E429936D216255A /* TeamConfigurator.swift */,
				73518753C3AF1A39E277CE4E /* TeamInitializer.swift */,
			);
			path = Configurator;
			sourceTree = "<group>";
		};
		F92A8D839089CB893DE04C7F /* Configurator */ = {
			isa = PBXGroup;
			children = (
				131A52754F4280B0175C2AD8 /* MapConfiguratorTests.swift */,
			);
			path = Configurator;
			sourceTree = "<group>";
		};
		FA0258E72529149E006C4E7C /* App */ = {
			isa = PBXGroup;
			children = (
				FA9235B425290ED500A0836B /* AppDelegate.swift */,
				FA9235B625290ED500A0836B /* SceneDelegate.swift */,
			);
			path = App;
			sourceTree = "<group>";
		};
		FA0258E8252914A6006C4E7C /* Storyboards */ = {
			isa = PBXGroup;
			children = (
				FA9235BA25290ED500A0836B /* Main.storyboard */,
				FA9235BF25290ED500A0836B /* LaunchScreen.storyboard */,
			);
			path = Storyboards;
			sourceTree = "<group>";
		};
		FA1380A5252B2388006973D3 /* Repositories */ = {
			isa = PBXGroup;
			children = (
				FA46245A2529E67B00FFDBF5 /* LocationManager.swift */,
				FACCEB6D252C5BD400F4F62D /* Helper.swift */,
				FA9657A5252CA55E00E58611 /* RealmStorage.swift */,
			);
			path = Repositories;
			sourceTree = "<group>";
		};
		FA15F2B92529BCFB006934C2 /* Models */ = {
			isa = PBXGroup;
			children = (
				FA4624392529D19600FFDBF5 /* Monster.swift */,
				FAF60D1925358DC80083509B /* User.swift */,
			);
			path = Models;
			sourceTree = "<group>";
		};
		FA15F2C82529BF31006934C2 /* Views */ = {
			isa = PBXGroup;
			children = (
				FA15F2C92529BF5F006934C2 /* BlackButton.swift */,
				FA15F2CE2529C820006934C2 /* BalckStack.swift */,
				FA15F2D32529CAA3006934C2 /* CircleBlackButton.swift */,
				FA4624552529E25100FFDBF5 /* BlackAlertController.swift */,
			);
			path = Views;
			sourceTree = "<group>";
		};
		FA1A969B2535D40800189FB5 /* Controllers */ = {
			isa = PBXGroup;
			children = (
				FA1A969C2535D42600189FB5 /* SideMenuViewController.swift */,
				FA1A96A42535DB3200189FB5 /* SettingsViewController.swift */,
			);
			path = Controllers;
			sourceTree = "<group>";
		};
		FA46243E2529DFDE00FFDBF5 /* Utils */ = {
			isa = PBXGroup;
			children = (
				FA46243F2529DFF900FFDBF5 /* Alert.swift */,
				FA02A2FA252B0BCC00F536C7 /* GMSMarker.swift */,
				FAF94A812535A5B50006848D /* SegueSwizzler.swift */,
				FA1A96962535D1F600189FB5 /* SideMenu.swift */,
			);
			path = Utils;
			sourceTree = "<group>";
		};
		FA9235A825290ED500A0836B = {
			isa = PBXGroup;
			children = (
				FA9235B325290ED500A0836B /* Monsters */,
				FA9235CA25290ED500A0836B /* MonstersTests */,
				FA9235D525290ED500A0836B /* MonstersUITests */,
				FA9235B225290ED500A0836B /* Products */,
				D8BBBFFFBB917CF69B27D919 /* Pods */,
				2D1905CAB4421D875D3CEE09 /* Frameworks */,
			);
			sourceTree = "<group>";
		};
		FA9235B225290ED500A0836B /* Products */ = {
			isa = PBXGroup;
			children = (
				FA9235B125290ED500A0836B /* Monsters.app */,
				FA9235C725290ED500A0836B /* MonstersTests.xctest */,
				FA9235D225290ED500A0836B /* MonstersUITests.xctest */,
			);
			name = Products;
			sourceTree = "<group>";
		};
		FA9235B325290ED500A0836B /* Monsters */ = {
			isa = PBXGroup;
			children = (
				FA0258E72529149E006C4E7C /* App */,
				FA1A969B2535D40800189FB5 /* Controllers */,
				FA15F2B92529BCFB006934C2 /* Models */,
				FA15F2C82529BF31006934C2 /* Views */,
				FA1380A5252B2388006973D3 /* Repositories */,
				FA46243E2529DFDE00FFDBF5 /* Utils */,
				FA0258E8252914A6006C4E7C /* Storyboards */,
				FA9235BD25290ED500A0836B /* Assets.xcassets */,
				FA9235C225290ED500A0836B /* Info.plist */,
				A8EBC91D5AE9410C1ADD8105 /* Modules */,
			);
			path = Monsters;
			sourceTree = "<group>";
		};
		FA9235CA25290ED500A0836B /* MonstersTests */ = {
			isa = PBXGroup;
			children = (
				FA9235CD25290ED500A0836B /* Info.plist */,
				09A4E2AB7FEAFF3F8DEB0C77 /* Modules */,
			);
			path = MonstersTests;
			sourceTree = "<group>";
		};
		FA9235D525290ED500A0836B /* MonstersUITests */ = {
			isa = PBXGroup;
			children = (
				FA9235D625290ED600A0836B /* MonstersUITests.swift */,
				FA9235D825290ED600A0836B /* Info.plist */,
			);
			path = MonstersUITests;
			sourceTree = "<group>";
		};
		FF2DCB34DF88989830865376 /* Configurator */ = {
			isa = PBXGroup;
			children = (
				15487C8B4F13B7C67B0EDE9A /* RootConfiguratorTests.swift */,
			);
			path = Configurator;
			sourceTree = "<group>";
		};
		FF31A717B71AF4EFE3829956 /* View */ = {
			isa = PBXGroup;
			children = (
				83AA054921F9A27ED666F3DB /* LoginViewInput.swift */,
				1FB8CB9A206DD042E8F67A7C /* LoginViewOutput.swift */,
				00DCB2196CDE5F3B73A9BA8E /* LoginViewController.swift */,
			);
			path = View;
			sourceTree = "<group>";
		};
		FFD9BAC07EAB2A7EB5C7C995 /* View */ = {
			isa = PBXGroup;
			children = (
				1E4E1B5A2783571B661EC523 /* CameraViewInput.swift */,
				9283ED9A61725649AD06E3D2 /* CameraViewOutput.swift */,
				7EE382F11407E3AF7B0FB27E /* CameraViewController.swift */,
			);
			path = View;
			sourceTree = "<group>";
		};
/* End PBXGroup section */

/* Begin PBXNativeTarget section */
		FA9235B025290ED500A0836B /* Monsters */ = {
			isa = PBXNativeTarget;
			buildConfigurationList = FA9235DB25290ED600A0836B /* Build configuration list for PBXNativeTarget "Monsters" */;
			buildPhases = (
				7FF631C523F0E99E8BD4ADB1 /* [CP] Check Pods Manifest.lock */,
				FA9235AD25290ED500A0836B /* Sources */,
				FA9235AE25290ED500A0836B /* Frameworks */,
				FA9235AF25290ED500A0836B /* Resources */,
				9F12CA389B2CD1D94B14CC3F /* [CP] Embed Pods Frameworks */,
				FC3650D5FF8D653E828365DF /* [CP] Copy Pods Resources */,
			);
			buildRules = (
			);
			dependencies = (
			);
			name = Monsters;
			productName = Monsters;
			productReference = FA9235B125290ED500A0836B /* Monsters.app */;
			productType = "com.apple.product-type.application";
		};
		FA9235C625290ED500A0836B /* MonstersTests */ = {
			isa = PBXNativeTarget;
			buildConfigurationList = FA9235DE25290ED600A0836B /* Build configuration list for PBXNativeTarget "MonstersTests" */;
			buildPhases = (
				C90D9A4CCD1E06C3D3732348 /* [CP] Check Pods Manifest.lock */,
				FA9235C325290ED500A0836B /* Sources */,
				FA9235C425290ED500A0836B /* Frameworks */,
				FA9235C525290ED500A0836B /* Resources */,
				527830CBBD04D0B05088737D /* [CP] Embed Pods Frameworks */,
			);
			buildRules = (
			);
			dependencies = (
				FA9235C925290ED500A0836B /* PBXTargetDependency */,
			);
			name = MonstersTests;
			productName = MonstersTests;
			productReference = FA9235C725290ED500A0836B /* MonstersTests.xctest */;
			productType = "com.apple.product-type.bundle.unit-test";
		};
		FA9235D125290ED500A0836B /* MonstersUITests */ = {
			isa = PBXNativeTarget;
			buildConfigurationList = FA9235E125290ED600A0836B /* Build configuration list for PBXNativeTarget "MonstersUITests" */;
			buildPhases = (
				C84BEAE592CFA028F825D0F4 /* [CP] Check Pods Manifest.lock */,
				FA9235CE25290ED500A0836B /* Sources */,
				FA9235CF25290ED500A0836B /* Frameworks */,
				FA9235D025290ED500A0836B /* Resources */,
				327E1E9CEBF59C156F2F2222 /* [CP] Embed Pods Frameworks */,
			);
			buildRules = (
			);
			dependencies = (
				FA9235D425290ED500A0836B /* PBXTargetDependency */,
			);
			name = MonstersUITests;
			productName = MonstersUITests;
			productReference = FA9235D225290ED500A0836B /* MonstersUITests.xctest */;
			productType = "com.apple.product-type.bundle.ui-testing";
		};
/* End PBXNativeTarget section */

/* Begin PBXProject section */
		FA9235A925290ED500A0836B /* Project object */ = {
			isa = PBXProject;
			attributes = {
				LastSwiftUpdateCheck = 1200;
				LastUpgradeCheck = 1200;
				TargetAttributes = {
					FA9235B025290ED500A0836B = {
						CreatedOnToolsVersion = 12.0.1;
					};
					FA9235C625290ED500A0836B = {
						CreatedOnToolsVersion = 12.0.1;
						TestTargetID = FA9235B025290ED500A0836B;
					};
					FA9235D125290ED500A0836B = {
						CreatedOnToolsVersion = 12.0.1;
						TestTargetID = FA9235B025290ED500A0836B;
					};
				};
			};
			buildConfigurationList = FA9235AC25290ED500A0836B /* Build configuration list for PBXProject "Monsters" */;
			compatibilityVersion = "Xcode 9.3";
			developmentRegion = en;
			hasScannedForEncodings = 0;
			knownRegions = (
				en,
				Base,
			);
			mainGroup = FA9235A825290ED500A0836B;
			productRefGroup = FA9235B225290ED500A0836B /* Products */;
			projectDirPath = "";
			projectRoot = "";
			targets = (
				FA9235B025290ED500A0836B /* Monsters */,
				FA9235C625290ED500A0836B /* MonstersTests */,
				FA9235D125290ED500A0836B /* MonstersUITests */,
			);
		};
/* End PBXProject section */

/* Begin PBXResourcesBuildPhase section */
		FA9235AF25290ED500A0836B /* Resources */ = {
			isa = PBXResourcesBuildPhase;
			buildActionMask = 2147483647;
			files = (
				FA9235C125290ED500A0836B /* LaunchScreen.storyboard in Resources */,
				FA9235BE25290ED500A0836B /* Assets.xcassets in Resources */,
				FA9235BC25290ED500A0836B /* Main.storyboard in Resources */,
			);
			runOnlyForDeploymentPostprocessing = 0;
		};
		FA9235C525290ED500A0836B /* Resources */ = {
			isa = PBXResourcesBuildPhase;
			buildActionMask = 2147483647;
			files = (
			);
			runOnlyForDeploymentPostprocessing = 0;
		};
		FA9235D025290ED500A0836B /* Resources */ = {
			isa = PBXResourcesBuildPhase;
			buildActionMask = 2147483647;
			files = (
			);
			runOnlyForDeploymentPostprocessing = 0;
		};
/* End PBXResourcesBuildPhase section */

/* Begin PBXShellScriptBuildPhase section */
		327E1E9CEBF59C156F2F2222 /* [CP] Embed Pods Frameworks */ = {
			isa = PBXShellScriptBuildPhase;
			buildActionMask = 2147483647;
			files = (
			);
			inputFileListPaths = (
				"${PODS_ROOT}/Target Support Files/Pods-MonstersUITests/Pods-MonstersUITests-frameworks-${CONFIGURATION}-input-files.xcfilelist",
			);
			name = "[CP] Embed Pods Frameworks";
			outputFileListPaths = (
				"${PODS_ROOT}/Target Support Files/Pods-MonstersUITests/Pods-MonstersUITests-frameworks-${CONFIGURATION}-output-files.xcfilelist",
			);
			runOnlyForDeploymentPostprocessing = 0;
			shellPath = /bin/sh;
			shellScript = "\"${PODS_ROOT}/Target Support Files/Pods-MonstersUITests/Pods-MonstersUITests-frameworks.sh\"\n";
			showEnvVarsInLog = 0;
		};
		527830CBBD04D0B05088737D /* [CP] Embed Pods Frameworks */ = {
			isa = PBXShellScriptBuildPhase;
			buildActionMask = 2147483647;
			files = (
			);
			inputFileListPaths = (
				"${PODS_ROOT}/Target Support Files/Pods-MonstersTests/Pods-MonstersTests-frameworks-${CONFIGURATION}-input-files.xcfilelist",
			);
			name = "[CP] Embed Pods Frameworks";
			outputFileListPaths = (
				"${PODS_ROOT}/Target Support Files/Pods-MonstersTests/Pods-MonstersTests-frameworks-${CONFIGURATION}-output-files.xcfilelist",
			);
			runOnlyForDeploymentPostprocessing = 0;
			shellPath = /bin/sh;
			shellScript = "\"${PODS_ROOT}/Target Support Files/Pods-MonstersTests/Pods-MonstersTests-frameworks.sh\"\n";
			showEnvVarsInLog = 0;
		};
		7FF631C523F0E99E8BD4ADB1 /* [CP] Check Pods Manifest.lock */ = {
			isa = PBXShellScriptBuildPhase;
			buildActionMask = 2147483647;
			files = (
			);
			inputFileListPaths = (
			);
			inputPaths = (
				"${PODS_PODFILE_DIR_PATH}/Podfile.lock",
				"${PODS_ROOT}/Manifest.lock",
			);
			name = "[CP] Check Pods Manifest.lock";
			outputFileListPaths = (
			);
			outputPaths = (
				"$(DERIVED_FILE_DIR)/Pods-Monsters-checkManifestLockResult.txt",
			);
			runOnlyForDeploymentPostprocessing = 0;
			shellPath = /bin/sh;
			shellScript = "diff \"${PODS_PODFILE_DIR_PATH}/Podfile.lock\" \"${PODS_ROOT}/Manifest.lock\" > /dev/null\nif [ $? != 0 ] ; then\n    # print error to STDERR\n    echo \"error: The sandbox is not in sync with the Podfile.lock. Run 'pod install' or update your CocoaPods installation.\" >&2\n    exit 1\nfi\n# This output is used by Xcode 'outputs' to avoid re-running this script phase.\necho \"SUCCESS\" > \"${SCRIPT_OUTPUT_FILE_0}\"\n";
			showEnvVarsInLog = 0;
		};
		9F12CA389B2CD1D94B14CC3F /* [CP] Embed Pods Frameworks */ = {
			isa = PBXShellScriptBuildPhase;
			buildActionMask = 2147483647;
			files = (
			);
			inputFileListPaths = (
				"${PODS_ROOT}/Target Support Files/Pods-Monsters/Pods-Monsters-frameworks-${CONFIGURATION}-input-files.xcfilelist",
			);
			name = "[CP] Embed Pods Frameworks";
			outputFileListPaths = (
				"${PODS_ROOT}/Target Support Files/Pods-Monsters/Pods-Monsters-frameworks-${CONFIGURATION}-output-files.xcfilelist",
			);
			runOnlyForDeploymentPostprocessing = 0;
			shellPath = /bin/sh;
			shellScript = "\"${PODS_ROOT}/Target Support Files/Pods-Monsters/Pods-Monsters-frameworks.sh\"\n";
			showEnvVarsInLog = 0;
		};
		C84BEAE592CFA028F825D0F4 /* [CP] Check Pods Manifest.lock */ = {
			isa = PBXShellScriptBuildPhase;
			buildActionMask = 2147483647;
			files = (
			);
			inputFileListPaths = (
			);
			inputPaths = (
				"${PODS_PODFILE_DIR_PATH}/Podfile.lock",
				"${PODS_ROOT}/Manifest.lock",
			);
			name = "[CP] Check Pods Manifest.lock";
			outputFileListPaths = (
			);
			outputPaths = (
				"$(DERIVED_FILE_DIR)/Pods-MonstersUITests-checkManifestLockResult.txt",
			);
			runOnlyForDeploymentPostprocessing = 0;
			shellPath = /bin/sh;
			shellScript = "diff \"${PODS_PODFILE_DIR_PATH}/Podfile.lock\" \"${PODS_ROOT}/Manifest.lock\" > /dev/null\nif [ $? != 0 ] ; then\n    # print error to STDERR\n    echo \"error: The sandbox is not in sync with the Podfile.lock. Run 'pod install' or update your CocoaPods installation.\" >&2\n    exit 1\nfi\n# This output is used by Xcode 'outputs' to avoid re-running this script phase.\necho \"SUCCESS\" > \"${SCRIPT_OUTPUT_FILE_0}\"\n";
			showEnvVarsInLog = 0;
		};
		C90D9A4CCD1E06C3D3732348 /* [CP] Check Pods Manifest.lock */ = {
			isa = PBXShellScriptBuildPhase;
			buildActionMask = 2147483647;
			files = (
			);
			inputFileListPaths = (
			);
			inputPaths = (
				"${PODS_PODFILE_DIR_PATH}/Podfile.lock",
				"${PODS_ROOT}/Manifest.lock",
			);
			name = "[CP] Check Pods Manifest.lock";
			outputFileListPaths = (
			);
			outputPaths = (
				"$(DERIVED_FILE_DIR)/Pods-MonstersTests-checkManifestLockResult.txt",
			);
			runOnlyForDeploymentPostprocessing = 0;
			shellPath = /bin/sh;
			shellScript = "diff \"${PODS_PODFILE_DIR_PATH}/Podfile.lock\" \"${PODS_ROOT}/Manifest.lock\" > /dev/null\nif [ $? != 0 ] ; then\n    # print error to STDERR\n    echo \"error: The sandbox is not in sync with the Podfile.lock. Run 'pod install' or update your CocoaPods installation.\" >&2\n    exit 1\nfi\n# This output is used by Xcode 'outputs' to avoid re-running this script phase.\necho \"SUCCESS\" > \"${SCRIPT_OUTPUT_FILE_0}\"\n";
			showEnvVarsInLog = 0;
		};
		FC3650D5FF8D653E828365DF /* [CP] Copy Pods Resources */ = {
			isa = PBXShellScriptBuildPhase;
			buildActionMask = 2147483647;
			files = (
			);
			inputFileListPaths = (
				"${PODS_ROOT}/Target Support Files/Pods-Monsters/Pods-Monsters-resources-${CONFIGURATION}-input-files.xcfilelist",
			);
			name = "[CP] Copy Pods Resources";
			outputFileListPaths = (
				"${PODS_ROOT}/Target Support Files/Pods-Monsters/Pods-Monsters-resources-${CONFIGURATION}-output-files.xcfilelist",
			);
			runOnlyForDeploymentPostprocessing = 0;
			shellPath = /bin/sh;
			shellScript = "\"${PODS_ROOT}/Target Support Files/Pods-Monsters/Pods-Monsters-resources.sh\"\n";
			showEnvVarsInLog = 0;
		};
/* End PBXShellScriptBuildPhase section */

/* Begin PBXSourcesBuildPhase section */
		FA9235AD25290ED500A0836B /* Sources */ = {
			isa = PBXSourcesBuildPhase;
			buildActionMask = 2147483647;
			files = (
				FA9235B525290ED500A0836B /* AppDelegate.swift in Sources */,
				FA9235B725290ED500A0836B /* SceneDelegate.swift in Sources */,
				FA1A96A52535DB3200189FB5 /* SettingsViewController.swift in Sources */,
				E01DE934B6ED8BB354D327EB /* MapViewInput.swift in Sources */,
				525F729935FBAB3A320EE3B1 /* MapViewOutput.swift in Sources */,
				EC4F0B55EA2F915956222285 /* MapViewController.swift in Sources */,
				51D5D2A86C3A289B0C1832CF /* MapModuleInput.swift in Sources */,
				79F9656307BE14BD105E9DB7 /* MapPresenter.swift in Sources */,
				5E9A276696677DFD4860431B /* MapInteractorInput.swift in Sources */,
				C733AE20EBA106B1A355D0C6 /* MapInteractorOutput.swift in Sources */,
				A34B082DA55862D46D12DB5B /* MapInteractor.swift in Sources */,
				BFACCBA4A40748C00B8DA2B2 /* MapRouterInput.swift in Sources */,
				926C2E8BCF454270BA4EDA26 /* MapRouter.swift in Sources */,
				FA1A96972535D1F600189FB5 /* SideMenu.swift in Sources */,
				4DEF53E26FF75AE00736012C /* MapConfigurator.swift in Sources */,
				A41DA219C762B82EC40E31A4 /* MapInitializer.swift in Sources */,
				DFE238E97071911242DAFADC /* CameraViewInput.swift in Sources */,
				50AFA2828208433C2716F0D2 /* CameraViewOutput.swift in Sources */,
				2BFDA22A09582666C8AB3A33 /* CameraViewController.swift in Sources */,
				FAF94A822535A5B50006848D /* SegueSwizzler.swift in Sources */,
				FACCEB6E252C5BD400F4F62D /* Helper.swift in Sources */,
				FA46245B2529E67B00FFDBF5 /* LocationManager.swift in Sources */,
				7E0EB46C387E53BB6513156A /* CameraModuleInput.swift in Sources */,
				01949CE28AB959E98ABE6CCF /* CameraPresenter.swift in Sources */,
				05649FC63710C8F430883EFC /* CameraInteractorInput.swift in Sources */,
				357D580701691FACA11857CF /* CameraInteractorOutput.swift in Sources */,
				81D3F8EB47C4CEC8DB162846 /* CameraInteractor.swift in Sources */,
				48792FA6CA80F317D88C26EF /* CameraRouterInput.swift in Sources */,
				067B2DD5C2E2774804E6ACCC /* CameraRouter.swift in Sources */,
				80C867A6F937030A59615906 /* CameraConfigurator.swift in Sources */,
				FF3BB51DBC003DF7AE68345C /* CameraInitializer.swift in Sources */,
				E6C541979095913C034E778C /* RootViewInput.swift in Sources */,
				0C648A82D371317003513214 /* RootViewOutput.swift in Sources */,
				C35C93C8BBA25E383514FDE0 /* RootViewController.swift in Sources */,
				494D33E77C9EFF63817782D2 /* RootModuleInput.swift in Sources */,
				FA15F2CA2529BF5F006934C2 /* BlackButton.swift in Sources */,
				7D575185F4CAD47C434DFB84 /* RootPresenter.swift in Sources */,
				FA1A969D2535D42600189FB5 /* SideMenuViewController.swift in Sources */,
				96A596194E5EB3B480419AE5 /* RootInteractorInput.swift in Sources */,
				FA9657A6252CA55E00E58611 /* RealmStorage.swift in Sources */,
				33871557A5637037A5BB92DD /* RootInteractorOutput.swift in Sources */,
				FA46243A2529D19600FFDBF5 /* Monster.swift in Sources */,
				B87FEFFF983D60B5509FAA03 /* RootInteractor.swift in Sources */,
				757ED7A73BBA33F0DCA57B73 /* RootRouterInput.swift in Sources */,
				C0DCA9915ADC52BF1B7A0B69 /* RootRouter.swift in Sources */,
				FA4624562529E25100FFDBF5 /* BlackAlertController.swift in Sources */,
				FA4624402529DFF900FFDBF5 /* Alert.swift in Sources */,
				D8E604515D07EBD59B939FB8 /* RootConfigurator.swift in Sources */,
				FA15F2D42529CAA3006934C2 /* CircleBlackButton.swift in Sources */,
				FA02A2FB252B0BCC00F536C7 /* GMSMarker.swift in Sources */,
				FA15F2CF2529C820006934C2 /* BalckStack.swift in Sources */,
				7CF00CBBB360117C7ACD53BE /* RootInitializer.swift in Sources */,
				BC552713562D7BD1F46D3934 /* TeamViewInput.swift in Sources */,
				F1317D63BC514813B90C8F30 /* TeamViewOutput.swift in Sources */,
				A4B6706165D38DF6BB933ADC /* TeamViewController.swift in Sources */,
				19CC84C8D91CA8AECA5DA46A /* TeamModuleInput.swift in Sources */,
				9C33C4F3EBEC7723A28AF8E7 /* TeamPresenter.swift in Sources */,
				4927D5D3774339A4FF33B0E2 /* TeamInteractorInput.swift in Sources */,
				91B818BD57A5109C3C964E5B /* TeamInteractorOutput.swift in Sources */,
				B9CBD2FB79CBF173615C5428 /* TeamInteractor.swift in Sources */,
				912B081A55D8223428464246 /* TeamRouterInput.swift in Sources */,
				0401C99F8F4747F8301DEDE3 /* TeamRouter.swift in Sources */,
				C83E1F4C533211AB0911EC10 /* TeamConfigurator.swift in Sources */,
				34BD3AAE9977247798516F86 /* TeamInitializer.swift in Sources */,
				1C5DFFDF71203869A77472EA /* LoginViewInput.swift in Sources */,
				FAF60D1A25358DC80083509B /* User.swift in Sources */,
				622CB37280C0149B48DA8AA1 /* LoginViewOutput.swift in Sources */,
				ADB88E29757A4B8B1FD22F6B /* LoginViewController.swift in Sources */,
				F20BE6A60EFB0B474D2AF73B /* LoginModuleInput.swift in Sources */,
				37B93809FBB887CD1406DBF9 /* LoginPresenter.swift in Sources */,
				9A1224B9472B6C3A4B9679DC /* LoginInteractorInput.swift in Sources */,
				9353B516A101F88FBC5FAFD2 /* LoginInteractorOutput.swift in Sources */,
				C0F9FCCAB615362FC88559B2 /* LoginInteractor.swift in Sources */,
				25B6AB8AF70D70AD78B599BC /* LoginRouterInput.swift in Sources */,
				DD447476FE84BB7438CCF9BF /* LoginRouter.swift in Sources */,
				7CAC5788DBF653A3B5AD5072 /* LoginConfigurator.swift in Sources */,
				E0BB94212A29DFBC8610D5B8 /* LoginInitializer.swift in Sources */,
			);
			runOnlyForDeploymentPostprocessing = 0;
		};
		FA9235C325290ED500A0836B /* Sources */ = {
			isa = PBXSourcesBuildPhase;
			buildActionMask = 2147483647;
			files = (
				FA02591125291589006C4E7C /* CameraModuleInput.swift in Sources */,
				9E31A497DACC191BC9D61E9D /* MapConfiguratorTests.swift in Sources */,
				FA0258EF252914E8006C4E7C /* MapConfigurator.swift in Sources */,
				769A3BB241A203B96897DB4E /* MapViewTests.swift in Sources */,
				FA0258F925291501006C4E7C /* MapViewController.swift in Sources */,
				2BCBFD084F010C879E126976 /* MapInteractorTests.swift in Sources */,
				FA02590F25291589006C4E7C /* CameraInteractor.swift in Sources */,
				FA0259042529154D006C4E7C /* MapInteractorOutput.swift in Sources */,
				FA02591225291589006C4E7C /* CameraRouterInput.swift in Sources */,
				FA0259012529154D006C4E7C /* MapModuleInput.swift in Sources */,
				FA0259032529154D006C4E7C /* MapViewInput.swift in Sources */,
				FA0258F3252914FC006C4E7C /* MapRouter.swift in Sources */,
				49410749B822D6BB7D976621 /* MapPresenterTests.swift in Sources */,
				FA02590C25291589006C4E7C /* CameraViewInput.swift in Sources */,
				4A15D7F7C97A8B6F06E39740 /* MapRouterTests.swift in Sources */,
				FA02590E25291589006C4E7C /* CameraInteractorOutput.swift in Sources */,
				FA02590B25291589006C4E7C /* CameraPresenter.swift in Sources */,
				422C9806419441C8EB7D01BB /* CameraConfiguratorTests.swift in Sources */,
				FA02591025291589006C4E7C /* CameraInteractorInput.swift in Sources */,
				611F7F3D0FAFDB6106CC01C8 /* CameraViewTests.swift in Sources */,
				FA02590D25291589006C4E7C /* CameraViewOutput.swift in Sources */,
				6DC7526D51E00BF282C1EFF1 /* CameraInteractorTests.swift in Sources */,
				E2AFEA2B309BE665D0B4C69F /* CameraPresenterTests.swift in Sources */,
				FA0258FD25291535006C4E7C /* MapRouterInput.swift in Sources */,
				FA0258F725291501006C4E7C /* MapPresenter.swift in Sources */,
				FA0259022529154D006C4E7C /* MapViewOutput.swift in Sources */,
				FA0259052529154D006C4E7C /* MapInteractorInput.swift in Sources */,
				6E1A59E0F96948F1D049AAFC /* CameraRouterTests.swift in Sources */,
				B9B6817420AD503484316A00 /* RootConfiguratorTests.swift in Sources */,
				34477EC072F2D9AD7C8BA917 /* RootViewTests.swift in Sources */,
				FA02590925291589006C4E7C /* CameraConfigurator.swift in Sources */,
				986EF22D629D2B69803071C5 /* RootInteractorTests.swift in Sources */,
				1645AD6C0F8BFA8455F94359 /* RootPresenterTests.swift in Sources */,
				FA02590A25291589006C4E7C /* CameraViewController.swift in Sources */,
				FA0258F825291501006C4E7C /* MapInteractor.swift in Sources */,
				FA02591325291589006C4E7C /* CameraRouter.swift in Sources */,
				D2A47252B77B30072B37AC12 /* RootRouterTests.swift in Sources */,
				3413ED399FEF5E524BB51B05 /* TeamConfiguratorTests.swift in Sources */,
				1DB87840D28D3D12F8148A24 /* TeamViewTests.swift in Sources */,
				45BFA791E35EA56553A990CD /* TeamInteractorTests.swift in Sources */,
				0F860D477F2742F2433033CA /* TeamPresenterTests.swift in Sources */,
				893958ECB2CF1C14F9E06A6A /* TeamRouterTests.swift in Sources */,
				206E74C22CA5FF2E488B7388 /* LoginConfiguratorTests.swift in Sources */,
				6B6943004C0C356CE76A5716 /* LoginViewTests.swift in Sources */,
				82809DD417D8CD8EAA220F05 /* LoginInteractorTests.swift in Sources */,
				95B5E02DF501267E735EBDA1 /* LoginPresenterTests.swift in Sources */,
				E4FDEB64BF1C8948E08CC862 /* LoginRouterTests.swift in Sources */,
			);
			runOnlyForDeploymentPostprocessing = 0;
		};
		FA9235CE25290ED500A0836B /* Sources */ = {
			isa = PBXSourcesBuildPhase;
			buildActionMask = 2147483647;
			files = (
				FA9235D725290ED600A0836B /* MonstersUITests.swift in Sources */,
			);
			runOnlyForDeploymentPostprocessing = 0;
		};
/* End PBXSourcesBuildPhase section */

/* Begin PBXTargetDependency section */
		FA9235C925290ED500A0836B /* PBXTargetDependency */ = {
			isa = PBXTargetDependency;
			target = FA9235B025290ED500A0836B /* Monsters */;
			targetProxy = FA9235C825290ED500A0836B /* PBXContainerItemProxy */;
		};
		FA9235D425290ED500A0836B /* PBXTargetDependency */ = {
			isa = PBXTargetDependency;
			target = FA9235B025290ED500A0836B /* Monsters */;
			targetProxy = FA9235D325290ED500A0836B /* PBXContainerItemProxy */;
		};
/* End PBXTargetDependency section */

/* Begin PBXVariantGroup section */
		FA9235BA25290ED500A0836B /* Main.storyboard */ = {
			isa = PBXVariantGroup;
			children = (
				FA9235BB25290ED500A0836B /* Base */,
			);
			name = Main.storyboard;
			sourceTree = "<group>";
		};
		FA9235BF25290ED500A0836B /* LaunchScreen.storyboard */ = {
			isa = PBXVariantGroup;
			children = (
				FA9235C025290ED500A0836B /* Base */,
			);
			name = LaunchScreen.storyboard;
			sourceTree = "<group>";
		};
/* End PBXVariantGroup section */

/* Begin XCBuildConfiguration section */
		FA9235D925290ED600A0836B /* Debug */ = {
			isa = XCBuildConfiguration;
			buildSettings = {
				ALWAYS_SEARCH_USER_PATHS = NO;
				CLANG_ANALYZER_NONNULL = YES;
				CLANG_ANALYZER_NUMBER_OBJECT_CONVERSION = YES_AGGRESSIVE;
				CLANG_CXX_LANGUAGE_STANDARD = "gnu++14";
				CLANG_CXX_LIBRARY = "libc++";
				CLANG_ENABLE_MODULES = YES;
				CLANG_ENABLE_OBJC_ARC = YES;
				CLANG_ENABLE_OBJC_WEAK = YES;
				CLANG_WARN_BLOCK_CAPTURE_AUTORELEASING = YES;
				CLANG_WARN_BOOL_CONVERSION = YES;
				CLANG_WARN_COMMA = YES;
				CLANG_WARN_CONSTANT_CONVERSION = YES;
				CLANG_WARN_DEPRECATED_OBJC_IMPLEMENTATIONS = YES;
				CLANG_WARN_DIRECT_OBJC_ISA_USAGE = YES_ERROR;
				CLANG_WARN_DOCUMENTATION_COMMENTS = YES;
				CLANG_WARN_EMPTY_BODY = YES;
				CLANG_WARN_ENUM_CONVERSION = YES;
				CLANG_WARN_INFINITE_RECURSION = YES;
				CLANG_WARN_INT_CONVERSION = YES;
				CLANG_WARN_NON_LITERAL_NULL_CONVERSION = YES;
				CLANG_WARN_OBJC_IMPLICIT_RETAIN_SELF = YES;
				CLANG_WARN_OBJC_LITERAL_CONVERSION = YES;
				CLANG_WARN_OBJC_ROOT_CLASS = YES_ERROR;
				CLANG_WARN_QUOTED_INCLUDE_IN_FRAMEWORK_HEADER = YES;
				CLANG_WARN_RANGE_LOOP_ANALYSIS = YES;
				CLANG_WARN_STRICT_PROTOTYPES = YES;
				CLANG_WARN_SUSPICIOUS_MOVE = YES;
				CLANG_WARN_UNGUARDED_AVAILABILITY = YES_AGGRESSIVE;
				CLANG_WARN_UNREACHABLE_CODE = YES;
				CLANG_WARN__DUPLICATE_METHOD_MATCH = YES;
				COPY_PHASE_STRIP = NO;
				DEBUG_INFORMATION_FORMAT = dwarf;
				ENABLE_STRICT_OBJC_MSGSEND = YES;
				ENABLE_TESTABILITY = YES;
				GCC_C_LANGUAGE_STANDARD = gnu11;
				GCC_DYNAMIC_NO_PIC = NO;
				GCC_NO_COMMON_BLOCKS = YES;
				GCC_OPTIMIZATION_LEVEL = 0;
				GCC_PREPROCESSOR_DEFINITIONS = (
					"DEBUG=1",
					"$(inherited)",
				);
				GCC_WARN_64_TO_32_BIT_CONVERSION = YES;
				GCC_WARN_ABOUT_RETURN_TYPE = YES_ERROR;
				GCC_WARN_UNDECLARED_SELECTOR = YES;
				GCC_WARN_UNINITIALIZED_AUTOS = YES_AGGRESSIVE;
				GCC_WARN_UNUSED_FUNCTION = YES;
				GCC_WARN_UNUSED_VARIABLE = YES;
				IPHONEOS_DEPLOYMENT_TARGET = 14.0;
				MTL_ENABLE_DEBUG_INFO = INCLUDE_SOURCE;
				MTL_FAST_MATH = YES;
				ONLY_ACTIVE_ARCH = YES;
				SDKROOT = iphoneos;
				SWIFT_ACTIVE_COMPILATION_CONDITIONS = DEBUG;
				SWIFT_OPTIMIZATION_LEVEL = "-Onone";
			};
			name = Debug;
		};
		FA9235DA25290ED600A0836B /* Release */ = {
			isa = XCBuildConfiguration;
			buildSettings = {
				ALWAYS_SEARCH_USER_PATHS = NO;
				CLANG_ANALYZER_NONNULL = YES;
				CLANG_ANALYZER_NUMBER_OBJECT_CONVERSION = YES_AGGRESSIVE;
				CLANG_CXX_LANGUAGE_STANDARD = "gnu++14";
				CLANG_CXX_LIBRARY = "libc++";
				CLANG_ENABLE_MODULES = YES;
				CLANG_ENABLE_OBJC_ARC = YES;
				CLANG_ENABLE_OBJC_WEAK = YES;
				CLANG_WARN_BLOCK_CAPTURE_AUTORELEASING = YES;
				CLANG_WARN_BOOL_CONVERSION = YES;
				CLANG_WARN_COMMA = YES;
				CLANG_WARN_CONSTANT_CONVERSION = YES;
				CLANG_WARN_DEPRECATED_OBJC_IMPLEMENTATIONS = YES;
				CLANG_WARN_DIRECT_OBJC_ISA_USAGE = YES_ERROR;
				CLANG_WARN_DOCUMENTATION_COMMENTS = YES;
				CLANG_WARN_EMPTY_BODY = YES;
				CLANG_WARN_ENUM_CONVERSION = YES;
				CLANG_WARN_INFINITE_RECURSION = YES;
				CLANG_WARN_INT_CONVERSION = YES;
				CLANG_WARN_NON_LITERAL_NULL_CONVERSION = YES;
				CLANG_WARN_OBJC_IMPLICIT_RETAIN_SELF = YES;
				CLANG_WARN_OBJC_LITERAL_CONVERSION = YES;
				CLANG_WARN_OBJC_ROOT_CLASS = YES_ERROR;
				CLANG_WARN_QUOTED_INCLUDE_IN_FRAMEWORK_HEADER = YES;
				CLANG_WARN_RANGE_LOOP_ANALYSIS = YES;
				CLANG_WARN_STRICT_PROTOTYPES = YES;
				CLANG_WARN_SUSPICIOUS_MOVE = YES;
				CLANG_WARN_UNGUARDED_AVAILABILITY = YES_AGGRESSIVE;
				CLANG_WARN_UNREACHABLE_CODE = YES;
				CLANG_WARN__DUPLICATE_METHOD_MATCH = YES;
				COPY_PHASE_STRIP = NO;
				DEBUG_INFORMATION_FORMAT = "dwarf-with-dsym";
				ENABLE_NS_ASSERTIONS = NO;
				ENABLE_STRICT_OBJC_MSGSEND = YES;
				GCC_C_LANGUAGE_STANDARD = gnu11;
				GCC_NO_COMMON_BLOCKS = YES;
				GCC_WARN_64_TO_32_BIT_CONVERSION = YES;
				GCC_WARN_ABOUT_RETURN_TYPE = YES_ERROR;
				GCC_WARN_UNDECLARED_SELECTOR = YES;
				GCC_WARN_UNINITIALIZED_AUTOS = YES_AGGRESSIVE;
				GCC_WARN_UNUSED_FUNCTION = YES;
				GCC_WARN_UNUSED_VARIABLE = YES;
				IPHONEOS_DEPLOYMENT_TARGET = 14.0;
				MTL_ENABLE_DEBUG_INFO = NO;
				MTL_FAST_MATH = YES;
				SDKROOT = iphoneos;
				SWIFT_COMPILATION_MODE = wholemodule;
				SWIFT_OPTIMIZATION_LEVEL = "-O";
				VALIDATE_PRODUCT = YES;
			};
			name = Release;
		};
		FA9235DC25290ED600A0836B /* Debug */ = {
			isa = XCBuildConfiguration;
			baseConfigurationReference = C034BCAAE344D608FBF02BD1 /* Pods-Monsters.debug.xcconfig */;
			buildSettings = {
				ALWAYS_EMBED_SWIFT_STANDARD_LIBRARIES = "$(inherited)";
				ASSETCATALOG_COMPILER_APPICON_NAME = AppIcon;
				ASSETCATALOG_COMPILER_GLOBAL_ACCENT_COLOR_NAME = AccentColor;
				CODE_SIGN_STYLE = Automatic;
				DEVELOPMENT_TEAM = LMGHP5L64B;
				INFOPLIST_FILE = Monsters/Info.plist;
				LD_RUNPATH_SEARCH_PATHS = (
					"$(inherited)",
					"@executable_path/Frameworks",
				);
				PRODUCT_BUNDLE_IDENTIFIER = sanyakarpenko.Monsters;
				PRODUCT_NAME = "$(TARGET_NAME)";
				SWIFT_VERSION = 5.0;
				TARGETED_DEVICE_FAMILY = "1,2";
			};
			name = Debug;
		};
		FA9235DD25290ED600A0836B /* Release */ = {
			isa = XCBuildConfiguration;
			baseConfigurationReference = 51FA34576D56AF644492E5FE /* Pods-Monsters.release.xcconfig */;
			buildSettings = {
				ALWAYS_EMBED_SWIFT_STANDARD_LIBRARIES = "$(inherited)";
				ASSETCATALOG_COMPILER_APPICON_NAME = AppIcon;
				ASSETCATALOG_COMPILER_GLOBAL_ACCENT_COLOR_NAME = AccentColor;
				CODE_SIGN_STYLE = Automatic;
				DEVELOPMENT_TEAM = LMGHP5L64B;
				INFOPLIST_FILE = Monsters/Info.plist;
				LD_RUNPATH_SEARCH_PATHS = (
					"$(inherited)",
					"@executable_path/Frameworks",
				);
				PRODUCT_BUNDLE_IDENTIFIER = sanyakarpenko.Monsters;
				PRODUCT_NAME = "$(TARGET_NAME)";
				SWIFT_VERSION = 5.0;
				TARGETED_DEVICE_FAMILY = "1,2";
			};
			name = Release;
		};
		FA9235DF25290ED600A0836B /* Debug */ = {
			isa = XCBuildConfiguration;
			baseConfigurationReference = CB0EFDFF07EEF0E50D5EECA7 /* Pods-MonstersTests.debug.xcconfig */;
			buildSettings = {
				ALWAYS_EMBED_SWIFT_STANDARD_LIBRARIES = "$(inherited)";
				BUNDLE_LOADER = "$(TEST_HOST)";
				CODE_SIGN_STYLE = Automatic;
				DEVELOPMENT_TEAM = LMGHP5L64B;
				INFOPLIST_FILE = MonstersTests/Info.plist;
				IPHONEOS_DEPLOYMENT_TARGET = 14.0;
				LD_RUNPATH_SEARCH_PATHS = (
					"$(inherited)",
					"@executable_path/Frameworks",
					"@loader_path/Frameworks",
				);
				PRODUCT_BUNDLE_IDENTIFIER = sanyakarpenko.MonstersTests;
				PRODUCT_NAME = "$(TARGET_NAME)";
				SWIFT_VERSION = 5.0;
				TARGETED_DEVICE_FAMILY = "1,2";
				TEST_HOST = "$(BUILT_PRODUCTS_DIR)/Monsters.app/Monsters";
			};
			name = Debug;
		};
		FA9235E025290ED600A0836B /* Release */ = {
			isa = XCBuildConfiguration;
			baseConfigurationReference = CBAFD9C9911139926C459294 /* Pods-MonstersTests.release.xcconfig */;
			buildSettings = {
				ALWAYS_EMBED_SWIFT_STANDARD_LIBRARIES = "$(inherited)";
				BUNDLE_LOADER = "$(TEST_HOST)";
				CODE_SIGN_STYLE = Automatic;
				DEVELOPMENT_TEAM = LMGHP5L64B;
				INFOPLIST_FILE = MonstersTests/Info.plist;
				IPHONEOS_DEPLOYMENT_TARGET = 14.0;
				LD_RUNPATH_SEARCH_PATHS = (
					"$(inherited)",
					"@executable_path/Frameworks",
					"@loader_path/Frameworks",
				);
				PRODUCT_BUNDLE_IDENTIFIER = sanyakarpenko.MonstersTests;
				PRODUCT_NAME = "$(TARGET_NAME)";
				SWIFT_VERSION = 5.0;
				TARGETED_DEVICE_FAMILY = "1,2";
				TEST_HOST = "$(BUILT_PRODUCTS_DIR)/Monsters.app/Monsters";
			};
			name = Release;
		};
		FA9235E225290ED600A0836B /* Debug */ = {
			isa = XCBuildConfiguration;
			baseConfigurationReference = C623747634A25727A78E72D5 /* Pods-MonstersUITests.debug.xcconfig */;
			buildSettings = {
				ALWAYS_EMBED_SWIFT_STANDARD_LIBRARIES = "$(inherited)";
				CODE_SIGN_STYLE = Automatic;
				DEVELOPMENT_TEAM = LMGHP5L64B;
				INFOPLIST_FILE = MonstersUITests/Info.plist;
				LD_RUNPATH_SEARCH_PATHS = (
					"$(inherited)",
					"@executable_path/Frameworks",
					"@loader_path/Frameworks",
				);
				PRODUCT_BUNDLE_IDENTIFIER = sanyakarpenko.MonstersUITests;
				PRODUCT_NAME = "$(TARGET_NAME)";
				SWIFT_VERSION = 5.0;
				TARGETED_DEVICE_FAMILY = "1,2";
				TEST_TARGET_NAME = Monsters;
			};
			name = Debug;
		};
		FA9235E325290ED600A0836B /* Release */ = {
			isa = XCBuildConfiguration;
			baseConfigurationReference = F8D95AADAFA5235438B22DC2 /* Pods-MonstersUITests.release.xcconfig */;
			buildSettings = {
				ALWAYS_EMBED_SWIFT_STANDARD_LIBRARIES = "$(inherited)";
				CODE_SIGN_STYLE = Automatic;
				DEVELOPMENT_TEAM = LMGHP5L64B;
				INFOPLIST_FILE = MonstersUITests/Info.plist;
				LD_RUNPATH_SEARCH_PATHS = (
					"$(inherited)",
					"@executable_path/Frameworks",
					"@loader_path/Frameworks",
				);
				PRODUCT_BUNDLE_IDENTIFIER = sanyakarpenko.MonstersUITests;
				PRODUCT_NAME = "$(TARGET_NAME)";
				SWIFT_VERSION = 5.0;
				TARGETED_DEVICE_FAMILY = "1,2";
				TEST_TARGET_NAME = Monsters;
			};
			name = Release;
		};
/* End XCBuildConfiguration section */

/* Begin XCConfigurationList section */
		FA9235AC25290ED500A0836B /* Build configuration list for PBXProject "Monsters" */ = {
			isa = XCConfigurationList;
			buildConfigurations = (
				FA9235D925290ED600A0836B /* Debug */,
				FA9235DA25290ED600A0836B /* Release */,
			);
			defaultConfigurationIsVisible = 0;
			defaultConfigurationName = Release;
		};
		FA9235DB25290ED600A0836B /* Build configuration list for PBXNativeTarget "Monsters" */ = {
			isa = XCConfigurationList;
			buildConfigurations = (
				FA9235DC25290ED600A0836B /* Debug */,
				FA9235DD25290ED600A0836B /* Release */,
			);
			defaultConfigurationIsVisible = 0;
			defaultConfigurationName = Release;
		};
		FA9235DE25290ED600A0836B /* Build configuration list for PBXNativeTarget "MonstersTests" */ = {
			isa = XCConfigurationList;
			buildConfigurations = (
				FA9235DF25290ED600A0836B /* Debug */,
				FA9235E025290ED600A0836B /* Release */,
			);
			defaultConfigurationIsVisible = 0;
			defaultConfigurationName = Release;
		};
		FA9235E125290ED600A0836B /* Build configuration list for PBXNativeTarget "MonstersUITests" */ = {
			isa = XCConfigurationList;
			buildConfigurations = (
				FA9235E225290ED600A0836B /* Debug */,
				FA9235E325290ED600A0836B /* Release */,
			);
			defaultConfigurationIsVisible = 0;
			defaultConfigurationName = Release;
		};
/* End XCConfigurationList section */
	};
	rootObject = FA9235A925290ED500A0836B /* Project object */;
}
